// !$*UTF8*$!
{
	archiveVersion = 1;
	classes = {
	};
	objectVersion = 46;
	objects = {

/* Begin PBXContainerItemProxy section */
		8E1AE6341AC69A6700104B76 /* PBXContainerItemProxy */ = {
			isa = PBXContainerItemProxy;
			containerPortal = 8E1AE6191AC69A6700104B76 /* gtest.xcodeproj */;
			proxyType = 2;
			remoteGlobalIDString = 4539C8FF0EC27F6400A70F4C;
			remoteInfo = "gtest-framework";
		};
		8E1AE6361AC69A6700104B76 /* PBXContainerItemProxy */ = {
			isa = PBXContainerItemProxy;
			containerPortal = 8E1AE6191AC69A6700104B76 /* gtest.xcodeproj */;
			proxyType = 2;
			remoteGlobalIDString = 40C848FA101A209C0083642A;
			remoteInfo = "gtest-static";
		};
		8E1AE6381AC69A6700104B76 /* PBXContainerItemProxy */ = {
			isa = PBXContainerItemProxy;
			containerPortal = 8E1AE6191AC69A6700104B76 /* gtest.xcodeproj */;
			proxyType = 2;
			remoteGlobalIDString = 40C8490B101A217E0083642A;
			remoteInfo = "gtest_main-static";
		};
		8E1AE63A1AC69A6700104B76 /* PBXContainerItemProxy */ = {
			isa = PBXContainerItemProxy;
			containerPortal = 8E1AE6191AC69A6700104B76 /* gtest.xcodeproj */;
			proxyType = 2;
			remoteGlobalIDString = 40899F430FFA7184000B29AE;
			remoteInfo = "gtest_unittest-framework";
		};
		8E1AE63C1AC69A6700104B76 /* PBXContainerItemProxy */ = {
			isa = PBXContainerItemProxy;
			containerPortal = 8E1AE6191AC69A6700104B76 /* gtest.xcodeproj */;
			proxyType = 2;
			remoteGlobalIDString = 40C84987101A36850083642A;
			remoteInfo = "gtest_unittest-static";
		};
		8E1AE63E1AC69A6700104B76 /* PBXContainerItemProxy */ = {
			isa = PBXContainerItemProxy;
			containerPortal = 8E1AE6191AC69A6700104B76 /* gtest.xcodeproj */;
			proxyType = 2;
			remoteGlobalIDString = 4089A0130FFACEFC000B29AE;
			remoteInfo = "sample1_unittest-framework";
		};
		8E1AE6401AC69A6700104B76 /* PBXContainerItemProxy */ = {
			isa = PBXContainerItemProxy;
			containerPortal = 8E1AE6191AC69A6700104B76 /* gtest.xcodeproj */;
			proxyType = 2;
			remoteGlobalIDString = 40C84997101A36A60083642A;
			remoteInfo = "sample1_unittest-static";
		};
		8E1AE6481AC69A6700104B76 /* PBXContainerItemProxy */ = {
			isa = PBXContainerItemProxy;
			containerPortal = 8E1AE6251AC69A6700104B76 /* WidgetFramework.xcodeproj */;
			proxyType = 2;
			remoteGlobalIDString = 8D07F2C80486CC7A007CD1D0;
			remoteInfo = WidgetFramework;
		};
		8E1AE64A1AC69A6700104B76 /* PBXContainerItemProxy */ = {
			isa = PBXContainerItemProxy;
			containerPortal = 8E1AE6251AC69A6700104B76 /* WidgetFramework.xcodeproj */;
			proxyType = 2;
			remoteGlobalIDString = 3B07BDEA0E3F3F9E00647869;
			remoteInfo = WidgetFrameworkTest;
		};
/* End PBXContainerItemProxy section */

/* Begin PBXFileReference section */
		8E1AE4F21AC69A6600104B76 /* slim */ = {isa = PBXFileReference; lastKnownFileType = "compiled.mach-o.executable"; path = slim; sourceTree = "<group>"; };
		8E1AE4F31AC69A6600104B76 /* test */ = {isa = PBXFileReference; lastKnownFileType = "compiled.mach-o.executable"; path = test; sourceTree = "<group>"; };
		8E1AE4F51AC69A6700104B76 /* program.cpp */ = {isa = PBXFileReference; fileEncoding = 4; lastKnownFileType = sourcecode.cpp.cpp; path = program.cpp; sourceTree = "<group>"; };
		8E1AE4F61AC69A6700104B76 /* scanner.cpp */ = {isa = PBXFileReference; fileEncoding = 4; lastKnownFileType = sourcecode.cpp.cpp; path = scanner.cpp; sourceTree = "<group>"; };
		8E1AE4F71AC69A6700104B76 /* scanner.h */ = {isa = PBXFileReference; fileEncoding = 4; lastKnownFileType = sourcecode.c.h; path = scanner.h; sourceTree = "<group>"; };
		8E1AE4F81AC69A6700104B76 /* test.js */ = {isa = PBXFileReference; fileEncoding = 4; lastKnownFileType = sourcecode.javascript; path = test.js; sourceTree = "<group>"; };
		8E1AE4F91AC69A6700104B76 /* types.h */ = {isa = PBXFileReference; fileEncoding = 4; lastKnownFileType = sourcecode.c.h; path = types.h; sourceTree = "<group>"; };
		8E1AE4FA1AC69A6700104B76 /* utils.cpp */ = {isa = PBXFileReference; fileEncoding = 4; lastKnownFileType = sourcecode.cpp.cpp; path = utils.cpp; sourceTree = "<group>"; };
		8E1AE4FB1AC69A6700104B76 /* utils.h */ = {isa = PBXFileReference; fileEncoding = 4; lastKnownFileType = sourcecode.c.h; path = utils.h; sourceTree = "<group>"; };
		8E1AE5011AC69A6700104B76 /* dgph */ = {isa = PBXFileReference; lastKnownFileType = file; path = dgph; sourceTree = "<group>"; };
		8E1AE5021AC69A6700104B76 /* Slim.xcodeproj */ = {isa = PBXFileReference; lastKnownFileType = "wrapper.pb-project"; path = Slim.xcodeproj; sourceTree = "<group>"; };
		8E1AE5061AC69A6700104B76 /* program.cpp */ = {isa = PBXFileReference; fileEncoding = 4; lastKnownFileType = sourcecode.cpp.cpp; path = program.cpp; sourceTree = "<group>"; };
		8E1AE5071AC69A6700104B76 /* Makefile */ = {isa = PBXFileReference; fileEncoding = 4; lastKnownFileType = sourcecode.make; name = Makefile; path = ../Makefile; sourceTree = "<group>"; };
		8E1AE5081AC69A6700104B76 /* Readme.md */ = {isa = PBXFileReference; fileEncoding = 4; lastKnownFileType = net.daringfireball.markdown; name = Readme.md; path = ../Readme.md; sourceTree = "<group>"; };
		8E1AE5091AC69A6700104B76 /* Slim.xcodeproj */ = {isa = PBXFileReference; lastKnownFileType = "wrapper.pb-project"; name = Slim.xcodeproj; path = ../Slim.xcodeproj; sourceTree = "<group>"; };
		8E1AE5101AC69A6700104B76 /* dgph */ = {isa = PBXFileReference; lastKnownFileType = file; path = dgph; sourceTree = "<group>"; };
		8E1AE5121AC69A6700104B76 /* dgph */ = {isa = PBXFileReference; lastKnownFileType = file; path = dgph; sourceTree = "<group>"; };
		8E1AE5141AC69A6700104B76 /* dgph */ = {isa = PBXFileReference; lastKnownFileType = file; path = dgph; sourceTree = "<group>"; };
		8E1AE5161AC69A6700104B76 /* dgph */ = {isa = PBXFileReference; lastKnownFileType = file; path = dgph; sourceTree = "<group>"; };
		8E1AE5191AC69A6700104B76 /* dgph */ = {isa = PBXFileReference; lastKnownFileType = file; path = dgph; sourceTree = "<group>"; };
		8E1AE51A1AC69A6700104B76 /* Changelog.md */ = {isa = PBXFileReference; fileEncoding = 4; lastKnownFileType = net.daringfireball.markdown; name = Changelog.md; path = ../Changelog.md; sourceTree = "<group>"; };
		8E1AE51D1AC69A6700104B76 /* aclocal.m4 */ = {isa = PBXFileReference; fileEncoding = 4; lastKnownFileType = text; path = aclocal.m4; sourceTree = "<group>"; };
		8E1AE51F1AC69A6700104B76 /* config.guess */ = {isa = PBXFileReference; fileEncoding = 4; lastKnownFileType = text.script.sh; path = config.guess; sourceTree = "<group>"; };
		8E1AE5201AC69A6700104B76 /* config.h */ = {isa = PBXFileReference; fileEncoding = 4; lastKnownFileType = sourcecode.c.h; path = config.h; sourceTree = "<group>"; };
		8E1AE5211AC69A6700104B76 /* config.h.in */ = {isa = PBXFileReference; fileEncoding = 4; lastKnownFileType = text; path = config.h.in; sourceTree = "<group>"; };
		8E1AE5221AC69A6700104B76 /* config.sub */ = {isa = PBXFileReference; fileEncoding = 4; lastKnownFileType = text.script.sh; path = config.sub; sourceTree = "<group>"; };
		8E1AE5231AC69A6700104B76 /* depcomp */ = {isa = PBXFileReference; fileEncoding = 4; lastKnownFileType = text.script.sh; path = depcomp; sourceTree = "<group>"; };
		8E1AE5241AC69A6700104B76 /* install-sh */ = {isa = PBXFileReference; fileEncoding = 4; lastKnownFileType = text.script.sh; path = "install-sh"; sourceTree = "<group>"; };
		8E1AE5251AC69A6700104B76 /* ltmain.sh */ = {isa = PBXFileReference; fileEncoding = 4; lastKnownFileType = text.script.sh; path = ltmain.sh; sourceTree = "<group>"; };
		8E1AE5261AC69A6700104B76 /* missing */ = {isa = PBXFileReference; fileEncoding = 4; lastKnownFileType = text.script.sh; path = missing; sourceTree = "<group>"; };
		8E1AE5271AC69A6700104B76 /* stamp-h1 */ = {isa = PBXFileReference; fileEncoding = 4; lastKnownFileType = text; path = "stamp-h1"; sourceTree = "<group>"; };
		8E1AE5281AC69A6700104B76 /* CHANGES */ = {isa = PBXFileReference; fileEncoding = 4; lastKnownFileType = text; path = CHANGES; sourceTree = "<group>"; };
		8E1AE52A1AC69A6700104B76 /* internal_utils.cmake */ = {isa = PBXFileReference; fileEncoding = 4; lastKnownFileType = text; path = internal_utils.cmake; sourceTree = "<group>"; };
		8E1AE52B1AC69A6700104B76 /* CMakeLists.txt */ = {isa = PBXFileReference; fileEncoding = 4; lastKnownFileType = text; path = CMakeLists.txt; sourceTree = "<group>"; };
		8E1AE52D1AC69A6700104B76 /* gtest.cbproj */ = {isa = PBXFileReference; fileEncoding = 4; lastKnownFileType = text.xml; path = gtest.cbproj; sourceTree = "<group>"; };
		8E1AE52E1AC69A6700104B76 /* gtest.groupproj */ = {isa = PBXFileReference; fileEncoding = 4; lastKnownFileType = text; path = gtest.groupproj; sourceTree = "<group>"; };
		8E1AE52F1AC69A6700104B76 /* gtest_all.cc */ = {isa = PBXFileReference; fileEncoding = 4; lastKnownFileType = sourcecode.cpp.cpp; path = gtest_all.cc; sourceTree = "<group>"; };
		8E1AE5301AC69A6700104B76 /* gtest_link.cc */ = {isa = PBXFileReference; fileEncoding = 4; lastKnownFileType = sourcecode.cpp.cpp; path = gtest_link.cc; sourceTree = "<group>"; };
		8E1AE5311AC69A6700104B76 /* gtest_main.cbproj */ = {isa = PBXFileReference; fileEncoding = 4; lastKnownFileType = text.xml; path = gtest_main.cbproj; sourceTree = "<group>"; };
		8E1AE5321AC69A6700104B76 /* gtest_unittest.cbproj */ = {isa = PBXFileReference; fileEncoding = 4; lastKnownFileType = text.xml; path = gtest_unittest.cbproj; sourceTree = "<group>"; };
		8E1AE5331AC69A6700104B76 /* config.log */ = {isa = PBXFileReference; fileEncoding = 4; lastKnownFileType = text; path = config.log; sourceTree = "<group>"; };
		8E1AE5341AC69A6700104B76 /* config.status */ = {isa = PBXFileReference; fileEncoding = 4; lastKnownFileType = text.script.sh; path = config.status; sourceTree = "<group>"; };
		8E1AE5351AC69A6700104B76 /* configure */ = {isa = PBXFileReference; fileEncoding = 4; lastKnownFileType = text.script.sh; path = configure; sourceTree = "<group>"; };
		8E1AE5361AC69A6700104B76 /* configure.ac */ = {isa = PBXFileReference; fileEncoding = 4; lastKnownFileType = text; path = configure.ac; sourceTree = "<group>"; };
		8E1AE5371AC69A6700104B76 /* CONTRIBUTORS */ = {isa = PBXFileReference; fileEncoding = 4; lastKnownFileType = text; path = CONTRIBUTORS; sourceTree = "<group>"; };
		8E1AE53B1AC69A6700104B76 /* test_fused_gtest_test-gtest-all.Po */ = {isa = PBXFileReference; fileEncoding = 4; lastKnownFileType = text; path = "test_fused_gtest_test-gtest-all.Po"; sourceTree = "<group>"; };
		8E1AE53C1AC69A6700104B76 /* test_fused_gtest_test-gtest_main.Po */ = {isa = PBXFileReference; fileEncoding = 4; lastKnownFileType = text; path = "test_fused_gtest_test-gtest_main.Po"; sourceTree = "<group>"; };
		8E1AE53D1AC69A6700104B76 /* gtest-all.cc */ = {isa = PBXFileReference; fileEncoding = 4; lastKnownFileType = sourcecode.cpp.cpp; path = "gtest-all.cc"; sourceTree = "<group>"; };
		8E1AE53E1AC69A6700104B76 /* gtest.h */ = {isa = PBXFileReference; fileEncoding = 4; lastKnownFileType = sourcecode.c.h; path = gtest.h; sourceTree = "<group>"; };
		8E1AE53F1AC69A6700104B76 /* gtest_main.cc */ = {isa = PBXFileReference; fileEncoding = 4; lastKnownFileType = sourcecode.cpp.cpp; path = gtest_main.cc; sourceTree = "<group>"; };
		8E1AE5401AC69A6700104B76 /* gtest-all.o */ = {isa = PBXFileReference; lastKnownFileType = "compiled.mach-o.objfile"; path = "gtest-all.o"; sourceTree = "<group>"; };
		8E1AE5431AC69A6700104B76 /* gtest-death-test.h */ = {isa = PBXFileReference; fileEncoding = 4; lastKnownFileType = sourcecode.c.h; path = "gtest-death-test.h"; sourceTree = "<group>"; };
		8E1AE5441AC69A6700104B76 /* gtest-message.h */ = {isa = PBXFileReference; fileEncoding = 4; lastKnownFileType = sourcecode.c.h; path = "gtest-message.h"; sourceTree = "<group>"; };
		8E1AE5451AC69A6700104B76 /* gtest-param-test.h */ = {isa = PBXFileReference; fileEncoding = 4; lastKnownFileType = sourcecode.c.h; path = "gtest-param-test.h"; sourceTree = "<group>"; };
		8E1AE5461AC69A6700104B76 /* gtest-param-test.h.pump */ = {isa = PBXFileReference; fileEncoding = 4; lastKnownFileType = text; path = "gtest-param-test.h.pump"; sourceTree = "<group>"; };
		8E1AE5471AC69A6700104B76 /* gtest-printers.h */ = {isa = PBXFileReference; fileEncoding = 4; lastKnownFileType = sourcecode.c.h; path = "gtest-printers.h"; sourceTree = "<group>"; };
		8E1AE5481AC69A6700104B76 /* gtest-spi.h */ = {isa = PBXFileReference; fileEncoding = 4; lastKnownFileType = sourcecode.c.h; path = "gtest-spi.h"; sourceTree = "<group>"; };
		8E1AE5491AC69A6700104B76 /* gtest-test-part.h */ = {isa = PBXFileReference; fileEncoding = 4; lastKnownFileType = sourcecode.c.h; path = "gtest-test-part.h"; sourceTree = "<group>"; };
		8E1AE54A1AC69A6700104B76 /* gtest-typed-test.h */ = {isa = PBXFileReference; fileEncoding = 4; lastKnownFileType = sourcecode.c.h; path = "gtest-typed-test.h"; sourceTree = "<group>"; };
		8E1AE54B1AC69A6700104B76 /* gtest.h */ = {isa = PBXFileReference; fileEncoding = 4; lastKnownFileType = sourcecode.c.h; path = gtest.h; sourceTree = "<group>"; };
		8E1AE54C1AC69A6700104B76 /* gtest_pred_impl.h */ = {isa = PBXFileReference; fileEncoding = 4; lastKnownFileType = sourcecode.c.h; path = gtest_pred_impl.h; sourceTree = "<group>"; };
		8E1AE54D1AC69A6700104B76 /* gtest_prod.h */ = {isa = PBXFileReference; fileEncoding = 4; lastKnownFileType = sourcecode.c.h; path = gtest_prod.h; sourceTree = "<group>"; };
		8E1AE54F1AC69A6700104B76 /* gtest-death-test-internal.h */ = {isa = PBXFileReference; fileEncoding = 4; lastKnownFileType = sourcecode.c.h; path = "gtest-death-test-internal.h"; sourceTree = "<group>"; };
		8E1AE5501AC69A6700104B76 /* gtest-filepath.h */ = {isa = PBXFileReference; fileEncoding = 4; lastKnownFileType = sourcecode.c.h; path = "gtest-filepath.h"; sourceTree = "<group>"; };
		8E1AE5511AC69A6700104B76 /* gtest-internal.h */ = {isa = PBXFileReference; fileEncoding = 4; lastKnownFileType = sourcecode.c.h; path = "gtest-internal.h"; sourceTree = "<group>"; };
		8E1AE5521AC69A6700104B76 /* gtest-linked_ptr.h */ = {isa = PBXFileReference; fileEncoding = 4; lastKnownFileType = sourcecode.c.h; path = "gtest-linked_ptr.h"; sourceTree = "<group>"; };
		8E1AE5531AC69A6700104B76 /* gtest-param-util-generated.h */ = {isa = PBXFileReference; fileEncoding = 4; lastKnownFileType = sourcecode.c.h; path = "gtest-param-util-generated.h"; sourceTree = "<group>"; };
		8E1AE5541AC69A6700104B76 /* gtest-param-util-generated.h.pump */ = {isa = PBXFileReference; fileEncoding = 4; lastKnownFileType = text; path = "gtest-param-util-generated.h.pump"; sourceTree = "<group>"; };
		8E1AE5551AC69A6700104B76 /* gtest-param-util.h */ = {isa = PBXFileReference; fileEncoding = 4; lastKnownFileType = sourcecode.c.h; path = "gtest-param-util.h"; sourceTree = "<group>"; };
		8E1AE5561AC69A6700104B76 /* gtest-port.h */ = {isa = PBXFileReference; fileEncoding = 4; lastKnownFileType = sourcecode.c.h; path = "gtest-port.h"; sourceTree = "<group>"; };
		8E1AE5571AC69A6700104B76 /* gtest-string.h */ = {isa = PBXFileReference; fileEncoding = 4; lastKnownFileType = sourcecode.c.h; path = "gtest-string.h"; sourceTree = "<group>"; };
		8E1AE5581AC69A6700104B76 /* gtest-tuple.h */ = {isa = PBXFileReference; fileEncoding = 4; lastKnownFileType = sourcecode.c.h; path = "gtest-tuple.h"; sourceTree = "<group>"; };
		8E1AE5591AC69A6700104B76 /* gtest-tuple.h.pump */ = {isa = PBXFileReference; fileEncoding = 4; lastKnownFileType = text; path = "gtest-tuple.h.pump"; sourceTree = "<group>"; };
		8E1AE55A1AC69A6700104B76 /* gtest-type-util.h */ = {isa = PBXFileReference; fileEncoding = 4; lastKnownFileType = sourcecode.c.h; path = "gtest-type-util.h"; sourceTree = "<group>"; };
		8E1AE55B1AC69A6700104B76 /* gtest-type-util.h.pump */ = {isa = PBXFileReference; fileEncoding = 4; lastKnownFileType = text; path = "gtest-type-util.h.pump"; sourceTree = "<group>"; };
		8E1AE55D1AC69A6700104B76 /* .dirstamp */ = {isa = PBXFileReference; fileEncoding = 4; lastKnownFileType = text; path = .dirstamp; sourceTree = "<group>"; };
		8E1AE55F1AC69A6700104B76 /* libgtest.0.dylib */ = {isa = PBXFileReference; lastKnownFileType = "compiled.mach-o.dylib"; path = libgtest.0.dylib; sourceTree = "<group>"; };
		8E1AE5601AC69A6700104B76 /* libgtest.a */ = {isa = PBXFileReference; lastKnownFileType = archive.ar; path = libgtest.a; sourceTree = "<group>"; };
		8E1AE5611AC69A6700104B76 /* libgtest.dylib */ = {isa = PBXFileReference; lastKnownFileType = "compiled.mach-o.dylib"; path = libgtest.dylib; sourceTree = "<group>"; };
		8E1AE5621AC69A6700104B76 /* libgtest.la */ = {isa = PBXFileReference; fileEncoding = 4; lastKnownFileType = text; path = libgtest.la; sourceTree = "<group>"; };
		8E1AE5631AC69A6700104B76 /* libgtest.lai */ = {isa = PBXFileReference; fileEncoding = 4; lastKnownFileType = text; path = libgtest.lai; sourceTree = "<group>"; };
		8E1AE5641AC69A6700104B76 /* libgtest_main.0.dylib */ = {isa = PBXFileReference; lastKnownFileType = "compiled.mach-o.dylib"; path = libgtest_main.0.dylib; sourceTree = "<group>"; };
		8E1AE5651AC69A6700104B76 /* libgtest_main.a */ = {isa = PBXFileReference; lastKnownFileType = archive.ar; path = libgtest_main.a; sourceTree = "<group>"; };
		8E1AE5661AC69A6700104B76 /* libgtest_main.dylib */ = {isa = PBXFileReference; lastKnownFileType = "compiled.mach-o.dylib"; path = libgtest_main.dylib; sourceTree = "<group>"; };
		8E1AE5671AC69A6700104B76 /* libgtest_main.la */ = {isa = PBXFileReference; fileEncoding = 4; lastKnownFileType = text; path = libgtest_main.la; sourceTree = "<group>"; };
		8E1AE5681AC69A6700104B76 /* libgtest_main.lai */ = {isa = PBXFileReference; fileEncoding = 4; lastKnownFileType = text; path = libgtest_main.lai; sourceTree = "<group>"; };
		8E1AE5691AC69A6700104B76 /* libgtest.la */ = {isa = PBXFileReference; fileEncoding = 4; lastKnownFileType = text; path = libgtest.la; sourceTree = "<group>"; };
		8E1AE56A1AC69A6700104B76 /* libgtest_main.la */ = {isa = PBXFileReference; fileEncoding = 4; lastKnownFileType = text; path = libgtest_main.la; sourceTree = "<group>"; };
		8E1AE56B1AC69A6700104B76 /* libgtest.a */ = {isa = PBXFileReference; lastKnownFileType = archive.ar; path = libgtest.a; sourceTree = "<group>"; };
		8E1AE56C1AC69A6700104B76 /* libtool */ = {isa = PBXFileReference; fileEncoding = 4; lastKnownFileType = text.script.sh; path = libtool; sourceTree = "<group>"; };
		8E1AE56D1AC69A6700104B76 /* LICENSE */ = {isa = PBXFileReference; fileEncoding = 4; lastKnownFileType = text; path = LICENSE; sourceTree = "<group>"; };
		8E1AE56F1AC69A6700104B76 /* acx_pthread.m4 */ = {isa = PBXFileReference; fileEncoding = 4; lastKnownFileType = text; path = acx_pthread.m4; sourceTree = "<group>"; };
		8E1AE5701AC69A6700104B76 /* gtest.m4 */ = {isa = PBXFileReference; fileEncoding = 4; lastKnownFileType = text; path = gtest.m4; sourceTree = "<group>"; };
		8E1AE5711AC69A6700104B76 /* libtool.m4 */ = {isa = PBXFileReference; fileEncoding = 4; lastKnownFileType = text; path = libtool.m4; sourceTree = "<group>"; };
		8E1AE5721AC69A6700104B76 /* ltoptions.m4 */ = {isa = PBXFileReference; fileEncoding = 4; lastKnownFileType = text; path = ltoptions.m4; sourceTree = "<group>"; };
		8E1AE5731AC69A6700104B76 /* ltsugar.m4 */ = {isa = PBXFileReference; fileEncoding = 4; lastKnownFileType = text; path = ltsugar.m4; sourceTree = "<group>"; };
		8E1AE5741AC69A6700104B76 /* ltversion.m4 */ = {isa = PBXFileReference; fileEncoding = 4; lastKnownFileType = text; path = ltversion.m4; sourceTree = "<group>"; };
		8E1AE5751AC69A6700104B76 /* lt~obsolete.m4 */ = {isa = PBXFileReference; fileEncoding = 4; lastKnownFileType = text; path = "lt~obsolete.m4"; sourceTree = "<group>"; };
		8E1AE5771AC69A6700104B76 /* Makefile */ = {isa = PBXFileReference; fileEncoding = 4; lastKnownFileType = sourcecode.make; path = Makefile; sourceTree = "<group>"; };
		8E1AE5781AC69A6700104B76 /* Makefile */ = {isa = PBXFileReference; fileEncoding = 4; lastKnownFileType = sourcecode.make; path = Makefile; sourceTree = "<group>"; };
		8E1AE5791AC69A6700104B76 /* Makefile.am */ = {isa = PBXFileReference; fileEncoding = 4; lastKnownFileType = text; path = Makefile.am; sourceTree = "<group>"; };
		8E1AE57A1AC69A6700104B76 /* Makefile.in */ = {isa = PBXFileReference; fileEncoding = 4; lastKnownFileType = text; path = Makefile.in; sourceTree = "<group>"; };
		8E1AE57C1AC69A6700104B76 /* gtest-md.sln */ = {isa = PBXFileReference; fileEncoding = 4; lastKnownFileType = text; path = "gtest-md.sln"; sourceTree = "<group>"; };
		8E1AE57D1AC69A6700104B76 /* gtest-md.vcproj */ = {isa = PBXFileReference; fileEncoding = 4; lastKnownFileType = text.xml; path = "gtest-md.vcproj"; sourceTree = "<group>"; };
		8E1AE57E1AC69A6700104B76 /* gtest.sln */ = {isa = PBXFileReference; fileEncoding = 4; lastKnownFileType = text; path = gtest.sln; sourceTree = "<group>"; };
		8E1AE57F1AC69A6700104B76 /* gtest.vcproj */ = {isa = PBXFileReference; fileEncoding = 4; lastKnownFileType = text.xml; path = gtest.vcproj; sourceTree = "<group>"; };
		8E1AE5801AC69A6700104B76 /* gtest_main-md.vcproj */ = {isa = PBXFileReference; fileEncoding = 4; lastKnownFileType = text.xml; path = "gtest_main-md.vcproj"; sourceTree = "<group>"; };
		8E1AE5811AC69A6700104B76 /* gtest_main.vcproj */ = {isa = PBXFileReference; fileEncoding = 4; lastKnownFileType = text.xml; path = gtest_main.vcproj; sourceTree = "<group>"; };
		8E1AE5821AC69A6700104B76 /* gtest_prod_test-md.vcproj */ = {isa = PBXFileReference; fileEncoding = 4; lastKnownFileType = text.xml; path = "gtest_prod_test-md.vcproj"; sourceTree = "<group>"; };
		8E1AE5831AC69A6700104B76 /* gtest_prod_test.vcproj */ = {isa = PBXFileReference; fileEncoding = 4; lastKnownFileType = text.xml; path = gtest_prod_test.vcproj; sourceTree = "<group>"; };
		8E1AE5841AC69A6700104B76 /* gtest_unittest-md.vcproj */ = {isa = PBXFileReference; fileEncoding = 4; lastKnownFileType = text.xml; path = "gtest_unittest-md.vcproj"; sourceTree = "<group>"; };
		8E1AE5851AC69A6700104B76 /* gtest_unittest.vcproj */ = {isa = PBXFileReference; fileEncoding = 4; lastKnownFileType = text.xml; path = gtest_unittest.vcproj; sourceTree = "<group>"; };
		8E1AE5861AC69A6700104B76 /* README */ = {isa = PBXFileReference; fileEncoding = 4; lastKnownFileType = text; path = README; sourceTree = "<group>"; };
		8E1AE5891AC69A6700104B76 /* .dirstamp */ = {isa = PBXFileReference; fileEncoding = 4; lastKnownFileType = text; path = .dirstamp; sourceTree = "<group>"; };
		8E1AE58A1AC69A6700104B76 /* sample1.Plo */ = {isa = PBXFileReference; fileEncoding = 4; lastKnownFileType = text; path = sample1.Plo; sourceTree = "<group>"; };
		8E1AE58B1AC69A6700104B76 /* sample10_unittest.Po */ = {isa = PBXFileReference; fileEncoding = 4; lastKnownFileType = text; path = sample10_unittest.Po; sourceTree = "<group>"; };
		8E1AE58C1AC69A6700104B76 /* sample1_unittest.Po */ = {isa = PBXFileReference; fileEncoding = 4; lastKnownFileType = text; path = sample1_unittest.Po; sourceTree = "<group>"; };
		8E1AE58D1AC69A6700104B76 /* sample2.Plo */ = {isa = PBXFileReference; fileEncoding = 4; lastKnownFileType = text; path = sample2.Plo; sourceTree = "<group>"; };
		8E1AE58E1AC69A6700104B76 /* sample4.Plo */ = {isa = PBXFileReference; fileEncoding = 4; lastKnownFileType = text; path = sample4.Plo; sourceTree = "<group>"; };
		8E1AE58F1AC69A6700104B76 /* test_fused_gtest_test-sample1.Po */ = {isa = PBXFileReference; fileEncoding = 4; lastKnownFileType = text; path = "test_fused_gtest_test-sample1.Po"; sourceTree = "<group>"; };
		8E1AE5901AC69A6700104B76 /* test_fused_gtest_test-sample1_unittest.Po */ = {isa = PBXFileReference; fileEncoding = 4; lastKnownFileType = text; path = "test_fused_gtest_test-sample1_unittest.Po"; sourceTree = "<group>"; };
		8E1AE5911AC69A6700104B76 /* .dirstamp */ = {isa = PBXFileReference; fileEncoding = 4; lastKnownFileType = text; path = .dirstamp; sourceTree = "<group>"; };
		8E1AE5931AC69A6700104B76 /* libsamples.a */ = {isa = PBXFileReference; lastKnownFileType = archive.ar; path = libsamples.a; sourceTree = "<group>"; };
		8E1AE5941AC69A6700104B76 /* libsamples.la */ = {isa = PBXFileReference; fileEncoding = 4; lastKnownFileType = text; path = libsamples.la; sourceTree = "<group>"; };
		8E1AE5951AC69A6700104B76 /* sample1.o */ = {isa = PBXFileReference; lastKnownFileType = "compiled.mach-o.objfile"; path = sample1.o; sourceTree = "<group>"; };
		8E1AE5961AC69A6700104B76 /* sample2.o */ = {isa = PBXFileReference; lastKnownFileType = "compiled.mach-o.objfile"; path = sample2.o; sourceTree = "<group>"; };
		8E1AE5971AC69A6700104B76 /* sample4.o */ = {isa = PBXFileReference; lastKnownFileType = "compiled.mach-o.objfile"; path = sample4.o; sourceTree = "<group>"; };
		8E1AE5981AC69A6700104B76 /* libsamples.la */ = {isa = PBXFileReference; fileEncoding = 4; lastKnownFileType = text; path = libsamples.la; sourceTree = "<group>"; };
		8E1AE5991AC69A6700104B76 /* prime_tables.h */ = {isa = PBXFileReference; fileEncoding = 4; lastKnownFileType = sourcecode.c.h; path = prime_tables.h; sourceTree = "<group>"; };
		8E1AE59A1AC69A6700104B76 /* sample1.cc */ = {isa = PBXFileReference; fileEncoding = 4; lastKnownFileType = sourcecode.cpp.cpp; path = sample1.cc; sourceTree = "<group>"; };
		8E1AE59B1AC69A6700104B76 /* sample1.h */ = {isa = PBXFileReference; fileEncoding = 4; lastKnownFileType = sourcecode.c.h; path = sample1.h; sourceTree = "<group>"; };
		8E1AE59C1AC69A6700104B76 /* sample1.lo */ = {isa = PBXFileReference; fileEncoding = 4; lastKnownFileType = text; path = sample1.lo; sourceTree = "<group>"; };
		8E1AE59D1AC69A6700104B76 /* sample1.o */ = {isa = PBXFileReference; lastKnownFileType = "compiled.mach-o.objfile"; path = sample1.o; sourceTree = "<group>"; };
		8E1AE59E1AC69A6700104B76 /* sample10_unittest.cc */ = {isa = PBXFileReference; fileEncoding = 4; lastKnownFileType = sourcecode.cpp.cpp; path = sample10_unittest.cc; sourceTree = "<group>"; };
		8E1AE59F1AC69A6700104B76 /* sample1_unittest.cc */ = {isa = PBXFileReference; fileEncoding = 4; lastKnownFileType = sourcecode.cpp.cpp; path = sample1_unittest.cc; sourceTree = "<group>"; };
		8E1AE5A01AC69A6700104B76 /* sample2.cc */ = {isa = PBXFileReference; fileEncoding = 4; lastKnownFileType = sourcecode.cpp.cpp; path = sample2.cc; sourceTree = "<group>"; };
		8E1AE5A11AC69A6700104B76 /* sample2.h */ = {isa = PBXFileReference; fileEncoding = 4; lastKnownFileType = sourcecode.c.h; path = sample2.h; sourceTree = "<group>"; };
		8E1AE5A21AC69A6700104B76 /* sample2.lo */ = {isa = PBXFileReference; fileEncoding = 4; lastKnownFileType = text; path = sample2.lo; sourceTree = "<group>"; };
		8E1AE5A31AC69A6700104B76 /* sample2.o */ = {isa = PBXFileReference; lastKnownFileType = "compiled.mach-o.objfile"; path = sample2.o; sourceTree = "<group>"; };
		8E1AE5A41AC69A6700104B76 /* sample2_unittest.cc */ = {isa = PBXFileReference; fileEncoding = 4; lastKnownFileType = sourcecode.cpp.cpp; path = sample2_unittest.cc; sourceTree = "<group>"; };
		8E1AE5A51AC69A6700104B76 /* sample3-inl.h */ = {isa = PBXFileReference; fileEncoding = 4; lastKnownFileType = sourcecode.c.h; path = "sample3-inl.h"; sourceTree = "<group>"; };
		8E1AE5A61AC69A6700104B76 /* sample3_unittest.cc */ = {isa = PBXFileReference; fileEncoding = 4; lastKnownFileType = sourcecode.cpp.cpp; path = sample3_unittest.cc; sourceTree = "<group>"; };
		8E1AE5A71AC69A6700104B76 /* sample4.cc */ = {isa = PBXFileReference; fileEncoding = 4; lastKnownFileType = sourcecode.cpp.cpp; path = sample4.cc; sourceTree = "<group>"; };
		8E1AE5A81AC69A6700104B76 /* sample4.h */ = {isa = PBXFileReference; fileEncoding = 4; lastKnownFileType = sourcecode.c.h; path = sample4.h; sourceTree = "<group>"; };
		8E1AE5A91AC69A6700104B76 /* sample4.lo */ = {isa = PBXFileReference; fileEncoding = 4; lastKnownFileType = text; path = sample4.lo; sourceTree = "<group>"; };
		8E1AE5AA1AC69A6700104B76 /* sample4.o */ = {isa = PBXFileReference; lastKnownFileType = "compiled.mach-o.objfile"; path = sample4.o; sourceTree = "<group>"; };
		8E1AE5AB1AC69A6700104B76 /* sample4_unittest.cc */ = {isa = PBXFileReference; fileEncoding = 4; lastKnownFileType = sourcecode.cpp.cpp; path = sample4_unittest.cc; sourceTree = "<group>"; };
		8E1AE5AC1AC69A6700104B76 /* sample5_unittest.cc */ = {isa = PBXFileReference; fileEncoding = 4; lastKnownFileType = sourcecode.cpp.cpp; path = sample5_unittest.cc; sourceTree = "<group>"; };
		8E1AE5AD1AC69A6700104B76 /* sample6_unittest.cc */ = {isa = PBXFileReference; fileEncoding = 4; lastKnownFileType = sourcecode.cpp.cpp; path = sample6_unittest.cc; sourceTree = "<group>"; };
		8E1AE5AE1AC69A6700104B76 /* sample7_unittest.cc */ = {isa = PBXFileReference; fileEncoding = 4; lastKnownFileType = sourcecode.cpp.cpp; path = sample7_unittest.cc; sourceTree = "<group>"; };
		8E1AE5AF1AC69A6700104B76 /* sample8_unittest.cc */ = {isa = PBXFileReference; fileEncoding = 4; lastKnownFileType = sourcecode.cpp.cpp; path = sample8_unittest.cc; sourceTree = "<group>"; };
		8E1AE5B01AC69A6700104B76 /* sample9_unittest.cc */ = {isa = PBXFileReference; fileEncoding = 4; lastKnownFileType = sourcecode.cpp.cpp; path = sample9_unittest.cc; sourceTree = "<group>"; };
		8E1AE5B21AC69A6700104B76 /* fuse_gtest_files.py */ = {isa = PBXFileReference; fileEncoding = 4; lastKnownFileType = text.script.python; path = fuse_gtest_files.py; sourceTree = "<group>"; };
		8E1AE5B31AC69A6700104B76 /* gen_gtest_pred_impl.py */ = {isa = PBXFileReference; fileEncoding = 4; lastKnownFileType = text.script.python; path = gen_gtest_pred_impl.py; sourceTree = "<group>"; };
		8E1AE5B41AC69A6700104B76 /* gtest-config */ = {isa = PBXFileReference; fileEncoding = 4; lastKnownFileType = text.script.sh; path = "gtest-config"; sourceTree = "<group>"; };
		8E1AE5B51AC69A6700104B76 /* gtest-config.in */ = {isa = PBXFileReference; fileEncoding = 4; lastKnownFileType = text.script.sh; path = "gtest-config.in"; sourceTree = "<group>"; };
		8E1AE5B61AC69A6700104B76 /* pump.py */ = {isa = PBXFileReference; fileEncoding = 4; lastKnownFileType = text.script.python; path = pump.py; sourceTree = "<group>"; };
		8E1AE5B81AC69A6700104B76 /* Makefile */ = {isa = PBXFileReference; fileEncoding = 4; lastKnownFileType = sourcecode.make; path = Makefile; sourceTree = "<group>"; };
		8E1AE5BB1AC69A6700104B76 /* .dirstamp */ = {isa = PBXFileReference; fileEncoding = 4; lastKnownFileType = text; path = .dirstamp; sourceTree = "<group>"; };
		8E1AE5BC1AC69A6700104B76 /* gtest-all.Plo */ = {isa = PBXFileReference; fileEncoding = 4; lastKnownFileType = text; path = "gtest-all.Plo"; sourceTree = "<group>"; };
		8E1AE5BD1AC69A6700104B76 /* gtest_main.Plo */ = {isa = PBXFileReference; fileEncoding = 4; lastKnownFileType = text; path = gtest_main.Plo; sourceTree = "<group>"; };
		8E1AE5BE1AC69A6700104B76 /* .dirstamp */ = {isa = PBXFileReference; fileEncoding = 4; lastKnownFileType = text; path = .dirstamp; sourceTree = "<group>"; };
		8E1AE5C01AC69A6700104B76 /* gtest-all.o */ = {isa = PBXFileReference; lastKnownFileType = "compiled.mach-o.objfile"; path = "gtest-all.o"; sourceTree = "<group>"; };
		8E1AE5C11AC69A6700104B76 /* gtest_main.o */ = {isa = PBXFileReference; lastKnownFileType = "compiled.mach-o.objfile"; path = gtest_main.o; sourceTree = "<group>"; };
		8E1AE5C21AC69A6700104B76 /* gtest-all.cc */ = {isa = PBXFileReference; fileEncoding = 4; lastKnownFileType = sourcecode.cpp.cpp; path = "gtest-all.cc"; sourceTree = "<group>"; };
		8E1AE5C31AC69A6700104B76 /* gtest-all.lo */ = {isa = PBXFileReference; fileEncoding = 4; lastKnownFileType = text; path = "gtest-all.lo"; sourceTree = "<group>"; };
		8E1AE5C41AC69A6700104B76 /* gtest-all.o */ = {isa = PBXFileReference; lastKnownFileType = "compiled.mach-o.objfile"; path = "gtest-all.o"; sourceTree = "<group>"; };
		8E1AE5C51AC69A6700104B76 /* gtest-death-test.cc */ = {isa = PBXFileReference; fileEncoding = 4; lastKnownFileType = sourcecode.cpp.cpp; path = "gtest-death-test.cc"; sourceTree = "<group>"; };
		8E1AE5C61AC69A6700104B76 /* gtest-filepath.cc */ = {isa = PBXFileReference; fileEncoding = 4; lastKnownFileType = sourcecode.cpp.cpp; path = "gtest-filepath.cc"; sourceTree = "<group>"; };
		8E1AE5C71AC69A6700104B76 /* gtest-internal-inl.h */ = {isa = PBXFileReference; fileEncoding = 4; lastKnownFileType = sourcecode.c.h; path = "gtest-internal-inl.h"; sourceTree = "<group>"; };
		8E1AE5C81AC69A6700104B76 /* gtest-port.cc */ = {isa = PBXFileReference; fileEncoding = 4; lastKnownFileType = sourcecode.cpp.cpp; path = "gtest-port.cc"; sourceTree = "<group>"; };
		8E1AE5C91AC69A6700104B76 /* gtest-printers.cc */ = {isa = PBXFileReference; fileEncoding = 4; lastKnownFileType = sourcecode.cpp.cpp; path = "gtest-printers.cc"; sourceTree = "<group>"; };
		8E1AE5CA1AC69A6700104B76 /* gtest-test-part.cc */ = {isa = PBXFileReference; fileEncoding = 4; lastKnownFileType = sourcecode.cpp.cpp; path = "gtest-test-part.cc"; sourceTree = "<group>"; };
		8E1AE5CB1AC69A6700104B76 /* gtest-typed-test.cc */ = {isa = PBXFileReference; fileEncoding = 4; lastKnownFileType = sourcecode.cpp.cpp; path = "gtest-typed-test.cc"; sourceTree = "<group>"; };
		8E1AE5CC1AC69A6700104B76 /* gtest.cc */ = {isa = PBXFileReference; fileEncoding = 4; lastKnownFileType = sourcecode.cpp.cpp; path = gtest.cc; sourceTree = "<group>"; };
		8E1AE5CD1AC69A6700104B76 /* gtest_main.cc */ = {isa = PBXFileReference; fileEncoding = 4; lastKnownFileType = sourcecode.cpp.cpp; path = gtest_main.cc; sourceTree = "<group>"; };
		8E1AE5CE1AC69A6700104B76 /* gtest_main.lo */ = {isa = PBXFileReference; fileEncoding = 4; lastKnownFileType = text; path = gtest_main.lo; sourceTree = "<group>"; };
		8E1AE5CF1AC69A6700104B76 /* gtest_main.o */ = {isa = PBXFileReference; lastKnownFileType = "compiled.mach-o.objfile"; path = gtest_main.o; sourceTree = "<group>"; };
		8E1AE5D21AC69A6700104B76 /* gtest_all_test.Po */ = {isa = PBXFileReference; fileEncoding = 4; lastKnownFileType = text; path = gtest_all_test.Po; sourceTree = "<group>"; };
		8E1AE5D31AC69A6700104B76 /* gtest-death-test_ex_test.cc */ = {isa = PBXFileReference; fileEncoding = 4; lastKnownFileType = sourcecode.cpp.cpp; path = "gtest-death-test_ex_test.cc"; sourceTree = "<group>"; };
		8E1AE5D41AC69A6700104B76 /* gtest-death-test_test.cc */ = {isa = PBXFileReference; fileEncoding = 4; lastKnownFileType = sourcecode.cpp.cpp; path = "gtest-death-test_test.cc"; sourceTree = "<group>"; };
		8E1AE5D51AC69A6700104B76 /* gtest-filepath_test.cc */ = {isa = PBXFileReference; fileEncoding = 4; lastKnownFileType = sourcecode.cpp.cpp; path = "gtest-filepath_test.cc"; sourceTree = "<group>"; };
		8E1AE5D61AC69A6700104B76 /* gtest-linked_ptr_test.cc */ = {isa = PBXFileReference; fileEncoding = 4; lastKnownFileType = sourcecode.cpp.cpp; path = "gtest-linked_ptr_test.cc"; sourceTree = "<group>"; };
		8E1AE5D71AC69A6700104B76 /* gtest-listener_test.cc */ = {isa = PBXFileReference; fileEncoding = 4; lastKnownFileType = sourcecode.cpp.cpp; path = "gtest-listener_test.cc"; sourceTree = "<group>"; };
		8E1AE5D81AC69A6700104B76 /* gtest-message_test.cc */ = {isa = PBXFileReference; fileEncoding = 4; lastKnownFileType = sourcecode.cpp.cpp; path = "gtest-message_test.cc"; sourceTree = "<group>"; };
		8E1AE5D91AC69A6700104B76 /* gtest-options_test.cc */ = {isa = PBXFileReference; fileEncoding = 4; lastKnownFileType = sourcecode.cpp.cpp; path = "gtest-options_test.cc"; sourceTree = "<group>"; };
		8E1AE5DA1AC69A6700104B76 /* gtest-param-test2_test.cc */ = {isa = PBXFileReference; fileEncoding = 4; lastKnownFileType = sourcecode.cpp.cpp; path = "gtest-param-test2_test.cc"; sourceTree = "<group>"; };
		8E1AE5DB1AC69A6700104B76 /* gtest-param-test_test.cc */ = {isa = PBXFileReference; fileEncoding = 4; lastKnownFileType = sourcecode.cpp.cpp; path = "gtest-param-test_test.cc"; sourceTree = "<group>"; };
		8E1AE5DC1AC69A6700104B76 /* gtest-param-test_test.h */ = {isa = PBXFileReference; fileEncoding = 4; lastKnownFileType = sourcecode.c.h; path = "gtest-param-test_test.h"; sourceTree = "<group>"; };
		8E1AE5DD1AC69A6700104B76 /* gtest-port_test.cc */ = {isa = PBXFileReference; fileEncoding = 4; lastKnownFileType = sourcecode.cpp.cpp; path = "gtest-port_test.cc"; sourceTree = "<group>"; };
		8E1AE5DE1AC69A6700104B76 /* gtest-printers_test.cc */ = {isa = PBXFileReference; fileEncoding = 4; lastKnownFileType = sourcecode.cpp.cpp; path = "gtest-printers_test.cc"; sourceTree = "<group>"; };
		8E1AE5DF1AC69A6700104B76 /* gtest-test-part_test.cc */ = {isa = PBXFileReference; fileEncoding = 4; lastKnownFileType = sourcecode.cpp.cpp; path = "gtest-test-part_test.cc"; sourceTree = "<group>"; };
		8E1AE5E01AC69A6700104B76 /* gtest-tuple_test.cc */ = {isa = PBXFileReference; fileEncoding = 4; lastKnownFileType = sourcecode.cpp.cpp; path = "gtest-tuple_test.cc"; sourceTree = "<group>"; };
		8E1AE5E11AC69A6700104B76 /* gtest-typed-test2_test.cc */ = {isa = PBXFileReference; fileEncoding = 4; lastKnownFileType = sourcecode.cpp.cpp; path = "gtest-typed-test2_test.cc"; sourceTree = "<group>"; };
		8E1AE5E21AC69A6700104B76 /* gtest-typed-test_test.cc */ = {isa = PBXFileReference; fileEncoding = 4; lastKnownFileType = sourcecode.cpp.cpp; path = "gtest-typed-test_test.cc"; sourceTree = "<group>"; };
		8E1AE5E31AC69A6700104B76 /* gtest-typed-test_test.h */ = {isa = PBXFileReference; fileEncoding = 4; lastKnownFileType = sourcecode.c.h; path = "gtest-typed-test_test.h"; sourceTree = "<group>"; };
		8E1AE5E41AC69A6700104B76 /* gtest-unittest-api_test.cc */ = {isa = PBXFileReference; fileEncoding = 4; lastKnownFileType = sourcecode.cpp.cpp; path = "gtest-unittest-api_test.cc"; sourceTree = "<group>"; };
		8E1AE5E51AC69A6700104B76 /* gtest_all_test.cc */ = {isa = PBXFileReference; fileEncoding = 4; lastKnownFileType = sourcecode.cpp.cpp; path = gtest_all_test.cc; sourceTree = "<group>"; };
		8E1AE5E61AC69A6700104B76 /* gtest_break_on_failure_unittest.py */ = {isa = PBXFileReference; fileEncoding = 4; lastKnownFileType = text.script.python; path = gtest_break_on_failure_unittest.py; sourceTree = "<group>"; };
		8E1AE5E71AC69A6700104B76 /* gtest_break_on_failure_unittest_.cc */ = {isa = PBXFileReference; fileEncoding = 4; lastKnownFileType = sourcecode.cpp.cpp; path = gtest_break_on_failure_unittest_.cc; sourceTree = "<group>"; };
		8E1AE5E81AC69A6700104B76 /* gtest_catch_exceptions_test.py */ = {isa = PBXFileReference; fileEncoding = 4; lastKnownFileType = text.script.python; path = gtest_catch_exceptions_test.py; sourceTree = "<group>"; };
		8E1AE5E91AC69A6700104B76 /* gtest_catch_exceptions_test_.cc */ = {isa = PBXFileReference; fileEncoding = 4; lastKnownFileType = sourcecode.cpp.cpp; path = gtest_catch_exceptions_test_.cc; sourceTree = "<group>"; };
		8E1AE5EA1AC69A6700104B76 /* gtest_color_test.py */ = {isa = PBXFileReference; fileEncoding = 4; lastKnownFileType = text.script.python; path = gtest_color_test.py; sourceTree = "<group>"; };
		8E1AE5EB1AC69A6700104B76 /* gtest_color_test_.cc */ = {isa = PBXFileReference; fileEncoding = 4; lastKnownFileType = sourcecode.cpp.cpp; path = gtest_color_test_.cc; sourceTree = "<group>"; };
		8E1AE5EC1AC69A6700104B76 /* gtest_env_var_test.py */ = {isa = PBXFileReference; fileEncoding = 4; lastKnownFileType = text.script.python; path = gtest_env_var_test.py; sourceTree = "<group>"; };
		8E1AE5ED1AC69A6700104B76 /* gtest_env_var_test_.cc */ = {isa = PBXFileReference; fileEncoding = 4; lastKnownFileType = sourcecode.cpp.cpp; path = gtest_env_var_test_.cc; sourceTree = "<group>"; };
		8E1AE5EE1AC69A6700104B76 /* gtest_environment_test.cc */ = {isa = PBXFileReference; fileEncoding = 4; lastKnownFileType = sourcecode.cpp.cpp; path = gtest_environment_test.cc; sourceTree = "<group>"; };
		8E1AE5EF1AC69A6700104B76 /* gtest_filter_unittest.py */ = {isa = PBXFileReference; fileEncoding = 4; lastKnownFileType = text.script.python; path = gtest_filter_unittest.py; sourceTree = "<group>"; };
		8E1AE5F01AC69A6700104B76 /* gtest_filter_unittest_.cc */ = {isa = PBXFileReference; fileEncoding = 4; lastKnownFileType = sourcecode.cpp.cpp; path = gtest_filter_unittest_.cc; sourceTree = "<group>"; };
		8E1AE5F11AC69A6700104B76 /* gtest_help_test.py */ = {isa = PBXFileReference; fileEncoding = 4; lastKnownFileType = text.script.python; path = gtest_help_test.py; sourceTree = "<group>"; };
		8E1AE5F21AC69A6700104B76 /* gtest_help_test_.cc */ = {isa = PBXFileReference; fileEncoding = 4; lastKnownFileType = sourcecode.cpp.cpp; path = gtest_help_test_.cc; sourceTree = "<group>"; };
		8E1AE5F31AC69A6700104B76 /* gtest_list_tests_unittest.py */ = {isa = PBXFileReference; fileEncoding = 4; lastKnownFileType = text.script.python; path = gtest_list_tests_unittest.py; sourceTree = "<group>"; };
		8E1AE5F41AC69A6700104B76 /* gtest_list_tests_unittest_.cc */ = {isa = PBXFileReference; fileEncoding = 4; lastKnownFileType = sourcecode.cpp.cpp; path = gtest_list_tests_unittest_.cc; sourceTree = "<group>"; };
		8E1AE5F51AC69A6700104B76 /* gtest_main_unittest.cc */ = {isa = PBXFileReference; fileEncoding = 4; lastKnownFileType = sourcecode.cpp.cpp; path = gtest_main_unittest.cc; sourceTree = "<group>"; };
		8E1AE5F61AC69A6700104B76 /* gtest_no_test_unittest.cc */ = {isa = PBXFileReference; fileEncoding = 4; lastKnownFileType = sourcecode.cpp.cpp; path = gtest_no_test_unittest.cc; sourceTree = "<group>"; };
		8E1AE5F71AC69A6700104B76 /* gtest_output_test.py */ = {isa = PBXFileReference; fileEncoding = 4; lastKnownFileType = text.script.python; path = gtest_output_test.py; sourceTree = "<group>"; };
		8E1AE5F81AC69A6700104B76 /* gtest_output_test_.cc */ = {isa = PBXFileReference; fileEncoding = 4; lastKnownFileType = sourcecode.cpp.cpp; path = gtest_output_test_.cc; sourceTree = "<group>"; };
		8E1AE5F91AC69A6700104B76 /* gtest_output_test_golden_lin.txt */ = {isa = PBXFileReference; fileEncoding = 4; lastKnownFileType = text; path = gtest_output_test_golden_lin.txt; sourceTree = "<group>"; };
		8E1AE5FA1AC69A6700104B76 /* gtest_pred_impl_unittest.cc */ = {isa = PBXFileReference; fileEncoding = 4; lastKnownFileType = sourcecode.cpp.cpp; path = gtest_pred_impl_unittest.cc; sourceTree = "<group>"; };
		8E1AE5FB1AC69A6700104B76 /* gtest_premature_exit_test.cc */ = {isa = PBXFileReference; fileEncoding = 4; lastKnownFileType = sourcecode.cpp.cpp; path = gtest_premature_exit_test.cc; sourceTree = "<group>"; };
		8E1AE5FC1AC69A6700104B76 /* gtest_prod_test.cc */ = {isa = PBXFileReference; fileEncoding = 4; lastKnownFileType = sourcecode.cpp.cpp; path = gtest_prod_test.cc; sourceTree = "<group>"; };
		8E1AE5FD1AC69A6700104B76 /* gtest_repeat_test.cc */ = {isa = PBXFileReference; fileEncoding = 4; lastKnownFileType = sourcecode.cpp.cpp; path = gtest_repeat_test.cc; sourceTree = "<group>"; };
		8E1AE5FE1AC69A6700104B76 /* gtest_shuffle_test.py */ = {isa = PBXFileReference; fileEncoding = 4; lastKnownFileType = text.script.python; path = gtest_shuffle_test.py; sourceTree = "<group>"; };
		8E1AE5FF1AC69A6700104B76 /* gtest_shuffle_test_.cc */ = {isa = PBXFileReference; fileEncoding = 4; lastKnownFileType = sourcecode.cpp.cpp; path = gtest_shuffle_test_.cc; sourceTree = "<group>"; };
		8E1AE6001AC69A6700104B76 /* gtest_sole_header_test.cc */ = {isa = PBXFileReference; fileEncoding = 4; lastKnownFileType = sourcecode.cpp.cpp; path = gtest_sole_header_test.cc; sourceTree = "<group>"; };
		8E1AE6011AC69A6700104B76 /* gtest_stress_test.cc */ = {isa = PBXFileReference; fileEncoding = 4; lastKnownFileType = sourcecode.cpp.cpp; path = gtest_stress_test.cc; sourceTree = "<group>"; };
		8E1AE6021AC69A6700104B76 /* gtest_test_utils.py */ = {isa = PBXFileReference; fileEncoding = 4; lastKnownFileType = text.script.python; path = gtest_test_utils.py; sourceTree = "<group>"; };
		8E1AE6031AC69A6700104B76 /* gtest_throw_on_failure_ex_test.cc */ = {isa = PBXFileReference; fileEncoding = 4; lastKnownFileType = sourcecode.cpp.cpp; path = gtest_throw_on_failure_ex_test.cc; sourceTree = "<group>"; };
		8E1AE6041AC69A6700104B76 /* gtest_throw_on_failure_test.py */ = {isa = PBXFileReference; fileEncoding = 4; lastKnownFileType = text.script.python; path = gtest_throw_on_failure_test.py; sourceTree = "<group>"; };
		8E1AE6051AC69A6700104B76 /* gtest_throw_on_failure_test_.cc */ = {isa = PBXFileReference; fileEncoding = 4; lastKnownFileType = sourcecode.cpp.cpp; path = gtest_throw_on_failure_test_.cc; sourceTree = "<group>"; };
		8E1AE6061AC69A6700104B76 /* gtest_uninitialized_test.py */ = {isa = PBXFileReference; fileEncoding = 4; lastKnownFileType = text.script.python; path = gtest_uninitialized_test.py; sourceTree = "<group>"; };
		8E1AE6071AC69A6700104B76 /* gtest_uninitialized_test_.cc */ = {isa = PBXFileReference; fileEncoding = 4; lastKnownFileType = sourcecode.cpp.cpp; path = gtest_uninitialized_test_.cc; sourceTree = "<group>"; };
		8E1AE6081AC69A6700104B76 /* gtest_unittest.cc */ = {isa = PBXFileReference; fileEncoding = 4; lastKnownFileType = sourcecode.cpp.cpp; path = gtest_unittest.cc; sourceTree = "<group>"; };
		8E1AE6091AC69A6700104B76 /* gtest_xml_outfile1_test_.cc */ = {isa = PBXFileReference; fileEncoding = 4; lastKnownFileType = sourcecode.cpp.cpp; path = gtest_xml_outfile1_test_.cc; sourceTree = "<group>"; };
		8E1AE60A1AC69A6700104B76 /* gtest_xml_outfile2_test_.cc */ = {isa = PBXFileReference; fileEncoding = 4; lastKnownFileType = sourcecode.cpp.cpp; path = gtest_xml_outfile2_test_.cc; sourceTree = "<group>"; };
		8E1AE60B1AC69A6700104B76 /* gtest_xml_outfiles_test.py */ = {isa = PBXFileReference; fileEncoding = 4; lastKnownFileType = text.script.python; path = gtest_xml_outfiles_test.py; sourceTree = "<group>"; };
		8E1AE60C1AC69A6700104B76 /* gtest_xml_output_unittest.py */ = {isa = PBXFileReference; fileEncoding = 4; lastKnownFileType = text.script.python; path = gtest_xml_output_unittest.py; sourceTree = "<group>"; };
		8E1AE60D1AC69A6700104B76 /* gtest_xml_output_unittest_.cc */ = {isa = PBXFileReference; fileEncoding = 4; lastKnownFileType = sourcecode.cpp.cpp; path = gtest_xml_output_unittest_.cc; sourceTree = "<group>"; };
		8E1AE60E1AC69A6700104B76 /* gtest_xml_test_utils.py */ = {isa = PBXFileReference; fileEncoding = 4; lastKnownFileType = text.script.python; path = gtest_xml_test_utils.py; sourceTree = "<group>"; };
		8E1AE60F1AC69A6700104B76 /* production.cc */ = {isa = PBXFileReference; fileEncoding = 4; lastKnownFileType = sourcecode.cpp.cpp; path = production.cc; sourceTree = "<group>"; };
		8E1AE6101AC69A6700104B76 /* production.h */ = {isa = PBXFileReference; fileEncoding = 4; lastKnownFileType = sourcecode.c.h; path = production.h; sourceTree = "<group>"; };
		8E1AE6131AC69A6700104B76 /* DebugProject.xcconfig */ = {isa = PBXFileReference; fileEncoding = 4; lastKnownFileType = text.xcconfig; path = DebugProject.xcconfig; sourceTree = "<group>"; };
		8E1AE6141AC69A6700104B76 /* FrameworkTarget.xcconfig */ = {isa = PBXFileReference; fileEncoding = 4; lastKnownFileType = text.xcconfig; path = FrameworkTarget.xcconfig; sourceTree = "<group>"; };
		8E1AE6151AC69A6700104B76 /* General.xcconfig */ = {isa = PBXFileReference; fileEncoding = 4; lastKnownFileType = text.xcconfig; path = General.xcconfig; sourceTree = "<group>"; };
		8E1AE6161AC69A6700104B76 /* ReleaseProject.xcconfig */ = {isa = PBXFileReference; fileEncoding = 4; lastKnownFileType = text.xcconfig; path = ReleaseProject.xcconfig; sourceTree = "<group>"; };
		8E1AE6171AC69A6700104B76 /* StaticLibraryTarget.xcconfig */ = {isa = PBXFileReference; fileEncoding = 4; lastKnownFileType = text.xcconfig; path = StaticLibraryTarget.xcconfig; sourceTree = "<group>"; };
		8E1AE6181AC69A6700104B76 /* TestTarget.xcconfig */ = {isa = PBXFileReference; fileEncoding = 4; lastKnownFileType = text.xcconfig; path = TestTarget.xcconfig; sourceTree = "<group>"; };
		8E1AE6191AC69A6700104B76 /* gtest.xcodeproj */ = {isa = PBXFileReference; lastKnownFileType = "wrapper.pb-project"; path = gtest.xcodeproj; sourceTree = "<group>"; };
		8E1AE61D1AC69A6700104B76 /* Info.plist */ = {isa = PBXFileReference; fileEncoding = 4; lastKnownFileType = text.plist.xml; path = Info.plist; sourceTree = "<group>"; };
		8E1AE6201AC69A6700104B76 /* Info.plist */ = {isa = PBXFileReference; fileEncoding = 4; lastKnownFileType = text.plist.xml; path = Info.plist; sourceTree = "<group>"; };
		8E1AE6211AC69A6700104B76 /* runtests.sh */ = {isa = PBXFileReference; fileEncoding = 4; lastKnownFileType = text.script.sh; path = runtests.sh; sourceTree = "<group>"; };
		8E1AE6221AC69A6700104B76 /* widget.cc */ = {isa = PBXFileReference; fileEncoding = 4; lastKnownFileType = sourcecode.cpp.cpp; path = widget.cc; sourceTree = "<group>"; };
		8E1AE6231AC69A6700104B76 /* widget.h */ = {isa = PBXFileReference; fileEncoding = 4; lastKnownFileType = sourcecode.c.h; path = widget.h; sourceTree = "<group>"; };
		8E1AE6241AC69A6700104B76 /* widget_test.cc */ = {isa = PBXFileReference; fileEncoding = 4; lastKnownFileType = sourcecode.cpp.cpp; path = widget_test.cc; sourceTree = "<group>"; };
		8E1AE6251AC69A6700104B76 /* WidgetFramework.xcodeproj */ = {isa = PBXFileReference; lastKnownFileType = "wrapper.pb-project"; path = WidgetFramework.xcodeproj; sourceTree = "<group>"; };
		8E1AE6291AC69A6700104B76 /* runtests.sh */ = {isa = PBXFileReference; fileEncoding = 4; lastKnownFileType = text.script.sh; path = runtests.sh; sourceTree = "<group>"; };
		8E1AE62A1AC69A6700104B76 /* versiongenerate.py */ = {isa = PBXFileReference; fileEncoding = 4; lastKnownFileType = text.script.python; path = versiongenerate.py; sourceTree = "<group>"; };
/* End PBXFileReference section */

/* Begin PBXGroup section */
		8E1AE4E61AC69A3D00104B76 = {
			isa = PBXGroup;
			children = (
				8E1AE4F11AC69A6600104B76 /* bin */,
				8E1AE4F41AC69A6700104B76 /* compiler */,
				8E1AE4FC1AC69A6700104B76 /* Slim */,
				8E1AE5051AC69A6700104B76 /* test */,
				8E1AE5071AC69A6700104B76 /* Makefile */,
				8E1AE5081AC69A6700104B76 /* Readme.md */,
				8E1AE5091AC69A6700104B76 /* Slim.xcodeproj */,
				8E1AE50C1AC69A6700104B76 /* build */,
				8E1AE51A1AC69A6700104B76 /* Changelog.md */,
				8E1AE51B1AC69A6700104B76 /* includes */,
			);
			sourceTree = "<group>";
		};
		8E1AE4F11AC69A6600104B76 /* bin */ = {
			isa = PBXGroup;
			children = (
				8E1AE4F21AC69A6600104B76 /* slim */,
				8E1AE4F31AC69A6600104B76 /* test */,
			);
			name = bin;
			path = ../bin;
			sourceTree = "<group>";
		};
		8E1AE4F41AC69A6700104B76 /* compiler */ = {
			isa = PBXGroup;
			children = (
				8E1AE4F51AC69A6700104B76 /* program.cpp */,
				8E1AE4F61AC69A6700104B76 /* scanner.cpp */,
				8E1AE4F71AC69A6700104B76 /* scanner.h */,
				8E1AE4F81AC69A6700104B76 /* test.js */,
				8E1AE4F91AC69A6700104B76 /* types.h */,
				8E1AE4FA1AC69A6700104B76 /* utils.cpp */,
				8E1AE4FB1AC69A6700104B76 /* utils.h */,
			);
			name = compiler;
			path = ../compiler;
			sourceTree = "<group>";
		};
		8E1AE4FC1AC69A6700104B76 /* Slim */ = {
			isa = PBXGroup;
			children = (
				8E1AE4FD1AC69A6700104B76 /* build */,
				8E1AE5021AC69A6700104B76 /* Slim.xcodeproj */,
			);
			name = Slim;
			sourceTree = "<group>";
		};
		8E1AE4FD1AC69A6700104B76 /* build */ = {
			isa = PBXGroup;
			children = (
				8E1AE4FE1AC69A6700104B76 /* Slim.build */,
			);
			path = build;
			sourceTree = "<group>";
		};
		8E1AE4FE1AC69A6700104B76 /* Slim.build */ = {
			isa = PBXGroup;
			children = (
				8E1AE4FF1AC69A6700104B76 /* Debug */,
			);
			path = Slim.build;
			sourceTree = "<group>";
		};
		8E1AE4FF1AC69A6700104B76 /* Debug */ = {
			isa = PBXGroup;
			children = (
				8E1AE5001AC69A6700104B76 /* Slim.build */,
			);
			path = Debug;
			sourceTree = "<group>";
		};
		8E1AE5001AC69A6700104B76 /* Slim.build */ = {
			isa = PBXGroup;
			children = (
				8E1AE5011AC69A6700104B76 /* dgph */,
			);
			path = Slim.build;
			sourceTree = "<group>";
		};
		8E1AE5031AC69A6700104B76 /* Products */ = {
			isa = PBXGroup;
			name = Products;
			sourceTree = "<group>";
		};
		8E1AE5051AC69A6700104B76 /* test */ = {
			isa = PBXGroup;
			children = (
				8E1AE5061AC69A6700104B76 /* program.cpp */,
			);
			name = test;
			path = ../test;
			sourceTree = "<group>";
		};
		8E1AE50A1AC69A6700104B76 /* Products */ = {
			isa = PBXGroup;
			children = (
			);
			name = Products;
			sourceTree = "<group>";
		};
		8E1AE50C1AC69A6700104B76 /* build */ = {
			isa = PBXGroup;
			children = (
				8E1AE50D1AC69A6700104B76 /* Slim.build */,
			);
			name = build;
			path = ../build;
			sourceTree = "<group>";
		};
		8E1AE50D1AC69A6700104B76 /* Slim.build */ = {
			isa = PBXGroup;
			children = (
				8E1AE50E1AC69A6700104B76 /* Debug */,
				8E1AE5171AC69A6700104B76 /* Release */,
			);
			path = Slim.build;
			sourceTree = "<group>";
		};
		8E1AE50E1AC69A6700104B76 /* Debug */ = {
			isa = PBXGroup;
			children = (
				8E1AE50F1AC69A6700104B76 /* fewefefw.build */,
				8E1AE5111AC69A6700104B76 /* Slim test.build */,
				8E1AE5131AC69A6700104B76 /* Slim.build */,
				8E1AE5151AC69A6700104B76 /* testjwenf.build */,
			);
			path = Debug;
			sourceTree = "<group>";
		};
		8E1AE50F1AC69A6700104B76 /* fewefefw.build */ = {
			isa = PBXGroup;
			children = (
				8E1AE5101AC69A6700104B76 /* dgph */,
			);
			path = fewefefw.build;
			sourceTree = "<group>";
		};
		8E1AE5111AC69A6700104B76 /* Slim test.build */ = {
			isa = PBXGroup;
			children = (
				8E1AE5121AC69A6700104B76 /* dgph */,
			);
			path = "Slim test.build";
			sourceTree = "<group>";
		};
		8E1AE5131AC69A6700104B76 /* Slim.build */ = {
			isa = PBXGroup;
			children = (
				8E1AE5141AC69A6700104B76 /* dgph */,
			);
			path = Slim.build;
			sourceTree = "<group>";
		};
		8E1AE5151AC69A6700104B76 /* testjwenf.build */ = {
			isa = PBXGroup;
			children = (
				8E1AE5161AC69A6700104B76 /* dgph */,
			);
			path = testjwenf.build;
			sourceTree = "<group>";
		};
		8E1AE5171AC69A6700104B76 /* Release */ = {
			isa = PBXGroup;
			children = (
				8E1AE5181AC69A6700104B76 /* Slim Test.build */,
			);
			path = Release;
			sourceTree = "<group>";
		};
		8E1AE5181AC69A6700104B76 /* Slim Test.build */ = {
			isa = PBXGroup;
			children = (
				8E1AE5191AC69A6700104B76 /* dgph */,
			);
			path = "Slim Test.build";
			sourceTree = "<group>";
		};
		8E1AE51B1AC69A6700104B76 /* includes */ = {
			isa = PBXGroup;
			children = (
				8E1AE51C1AC69A6700104B76 /* gtest-1.7.0 */,
			);
			name = includes;
			path = ../includes;
			sourceTree = "<group>";
		};
		8E1AE51C1AC69A6700104B76 /* gtest-1.7.0 */ = {
			isa = PBXGroup;
			children = (
				8E1AE51D1AC69A6700104B76 /* aclocal.m4 */,
				8E1AE51E1AC69A6700104B76 /* build-aux */,
				8E1AE5281AC69A6700104B76 /* CHANGES */,
				8E1AE5291AC69A6700104B76 /* cmake */,
				8E1AE52B1AC69A6700104B76 /* CMakeLists.txt */,
				8E1AE52C1AC69A6700104B76 /* codegear */,
				8E1AE5331AC69A6700104B76 /* config.log */,
				8E1AE5341AC69A6700104B76 /* config.status */,
				8E1AE5351AC69A6700104B76 /* configure */,
				8E1AE5361AC69A6700104B76 /* configure.ac */,
				8E1AE5371AC69A6700104B76 /* CONTRIBUTORS */,
				8E1AE5381AC69A6700104B76 /* fused-src */,
				8E1AE5401AC69A6700104B76 /* gtest-all.o */,
				8E1AE5411AC69A6700104B76 /* include */,
				8E1AE55C1AC69A6700104B76 /* lib */,
				8E1AE56B1AC69A6700104B76 /* libgtest.a */,
				8E1AE56C1AC69A6700104B76 /* libtool */,
				8E1AE56D1AC69A6700104B76 /* LICENSE */,
				8E1AE56E1AC69A6700104B76 /* m4 */,
				8E1AE5761AC69A6700104B76 /* make */,
				8E1AE5781AC69A6700104B76 /* Makefile */,
				8E1AE5791AC69A6700104B76 /* Makefile.am */,
				8E1AE57A1AC69A6700104B76 /* Makefile.in */,
				8E1AE57B1AC69A6700104B76 /* msvc */,
				8E1AE5861AC69A6700104B76 /* README */,
				8E1AE5871AC69A6700104B76 /* samples */,
				8E1AE5B11AC69A6700104B76 /* scripts */,
				8E1AE5B91AC69A6700104B76 /* src */,
				8E1AE5D01AC69A6700104B76 /* test */,
				8E1AE6111AC69A6700104B76 /* xcode */,
			);
			path = "gtest-1.7.0";
			sourceTree = "<group>";
		};
		8E1AE51E1AC69A6700104B76 /* build-aux */ = {
			isa = PBXGroup;
			children = (
				8E1AE51F1AC69A6700104B76 /* config.guess */,
				8E1AE5201AC69A6700104B76 /* config.h */,
				8E1AE5211AC69A6700104B76 /* config.h.in */,
				8E1AE5221AC69A6700104B76 /* config.sub */,
				8E1AE5231AC69A6700104B76 /* depcomp */,
				8E1AE5241AC69A6700104B76 /* install-sh */,
				8E1AE5251AC69A6700104B76 /* ltmain.sh */,
				8E1AE5261AC69A6700104B76 /* missing */,
				8E1AE5271AC69A6700104B76 /* stamp-h1 */,
			);
			path = "build-aux";
			sourceTree = "<group>";
		};
		8E1AE5291AC69A6700104B76 /* cmake */ = {
			isa = PBXGroup;
			children = (
				8E1AE52A1AC69A6700104B76 /* internal_utils.cmake */,
			);
			path = cmake;
			sourceTree = "<group>";
		};
		8E1AE52C1AC69A6700104B76 /* codegear */ = {
			isa = PBXGroup;
			children = (
				8E1AE52D1AC69A6700104B76 /* gtest.cbproj */,
				8E1AE52E1AC69A6700104B76 /* gtest.groupproj */,
				8E1AE52F1AC69A6700104B76 /* gtest_all.cc */,
				8E1AE5301AC69A6700104B76 /* gtest_link.cc */,
				8E1AE5311AC69A6700104B76 /* gtest_main.cbproj */,
				8E1AE5321AC69A6700104B76 /* gtest_unittest.cbproj */,
			);
			path = codegear;
			sourceTree = "<group>";
		};
		8E1AE5381AC69A6700104B76 /* fused-src */ = {
			isa = PBXGroup;
			children = (
				8E1AE5391AC69A6700104B76 /* gtest */,
			);
			path = "fused-src";
			sourceTree = "<group>";
		};
		8E1AE5391AC69A6700104B76 /* gtest */ = {
			isa = PBXGroup;
			children = (
				8E1AE53A1AC69A6700104B76 /* .deps */,
				8E1AE53D1AC69A6700104B76 /* gtest-all.cc */,
				8E1AE53E1AC69A6700104B76 /* gtest.h */,
				8E1AE53F1AC69A6700104B76 /* gtest_main.cc */,
			);
			path = gtest;
			sourceTree = "<group>";
		};
		8E1AE53A1AC69A6700104B76 /* .deps */ = {
			isa = PBXGroup;
			children = (
				8E1AE53B1AC69A6700104B76 /* test_fused_gtest_test-gtest-all.Po */,
				8E1AE53C1AC69A6700104B76 /* test_fused_gtest_test-gtest_main.Po */,
			);
			path = .deps;
			sourceTree = "<group>";
		};
		8E1AE5411AC69A6700104B76 /* include */ = {
			isa = PBXGroup;
			children = (
				8E1AE5421AC69A6700104B76 /* gtest */,
			);
			path = include;
			sourceTree = "<group>";
		};
		8E1AE5421AC69A6700104B76 /* gtest */ = {
			isa = PBXGroup;
			children = (
				8E1AE5431AC69A6700104B76 /* gtest-death-test.h */,
				8E1AE5441AC69A6700104B76 /* gtest-message.h */,
				8E1AE5451AC69A6700104B76 /* gtest-param-test.h */,
				8E1AE5461AC69A6700104B76 /* gtest-param-test.h.pump */,
				8E1AE5471AC69A6700104B76 /* gtest-printers.h */,
				8E1AE5481AC69A6700104B76 /* gtest-spi.h */,
				8E1AE5491AC69A6700104B76 /* gtest-test-part.h */,
				8E1AE54A1AC69A6700104B76 /* gtest-typed-test.h */,
				8E1AE54B1AC69A6700104B76 /* gtest.h */,
				8E1AE54C1AC69A6700104B76 /* gtest_pred_impl.h */,
				8E1AE54D1AC69A6700104B76 /* gtest_prod.h */,
				8E1AE54E1AC69A6700104B76 /* internal */,
			);
			path = gtest;
			sourceTree = "<group>";
		};
		8E1AE54E1AC69A6700104B76 /* internal */ = {
			isa = PBXGroup;
			children = (
				8E1AE54F1AC69A6700104B76 /* gtest-death-test-internal.h */,
				8E1AE5501AC69A6700104B76 /* gtest-filepath.h */,
				8E1AE5511AC69A6700104B76 /* gtest-internal.h */,
				8E1AE5521AC69A6700104B76 /* gtest-linked_ptr.h */,
				8E1AE5531AC69A6700104B76 /* gtest-param-util-generated.h */,
				8E1AE5541AC69A6700104B76 /* gtest-param-util-generated.h.pump */,
				8E1AE5551AC69A6700104B76 /* gtest-param-util.h */,
				8E1AE5561AC69A6700104B76 /* gtest-port.h */,
				8E1AE5571AC69A6700104B76 /* gtest-string.h */,
				8E1AE5581AC69A6700104B76 /* gtest-tuple.h */,
				8E1AE5591AC69A6700104B76 /* gtest-tuple.h.pump */,
				8E1AE55A1AC69A6700104B76 /* gtest-type-util.h */,
				8E1AE55B1AC69A6700104B76 /* gtest-type-util.h.pump */,
			);
			path = internal;
			sourceTree = "<group>";
		};
		8E1AE55C1AC69A6700104B76 /* lib */ = {
			isa = PBXGroup;
			children = (
				8E1AE55D1AC69A6700104B76 /* .dirstamp */,
				8E1AE55E1AC69A6700104B76 /* .libs */,
				8E1AE5691AC69A6700104B76 /* libgtest.la */,
				8E1AE56A1AC69A6700104B76 /* libgtest_main.la */,
			);
			path = lib;
			sourceTree = "<group>";
		};
		8E1AE55E1AC69A6700104B76 /* .libs */ = {
			isa = PBXGroup;
			children = (
				8E1AE55F1AC69A6700104B76 /* libgtest.0.dylib */,
				8E1AE5601AC69A6700104B76 /* libgtest.a */,
				8E1AE5611AC69A6700104B76 /* libgtest.dylib */,
				8E1AE5621AC69A6700104B76 /* libgtest.la */,
				8E1AE5631AC69A6700104B76 /* libgtest.lai */,
				8E1AE5641AC69A6700104B76 /* libgtest_main.0.dylib */,
				8E1AE5651AC69A6700104B76 /* libgtest_main.a */,
				8E1AE5661AC69A6700104B76 /* libgtest_main.dylib */,
				8E1AE5671AC69A6700104B76 /* libgtest_main.la */,
				8E1AE5681AC69A6700104B76 /* libgtest_main.lai */,
			);
			path = .libs;
			sourceTree = "<group>";
		};
		8E1AE56E1AC69A6700104B76 /* m4 */ = {
			isa = PBXGroup;
			children = (
				8E1AE56F1AC69A6700104B76 /* acx_pthread.m4 */,
				8E1AE5701AC69A6700104B76 /* gtest.m4 */,
				8E1AE5711AC69A6700104B76 /* libtool.m4 */,
				8E1AE5721AC69A6700104B76 /* ltoptions.m4 */,
				8E1AE5731AC69A6700104B76 /* ltsugar.m4 */,
				8E1AE5741AC69A6700104B76 /* ltversion.m4 */,
				8E1AE5751AC69A6700104B76 /* lt~obsolete.m4 */,
			);
			path = m4;
			sourceTree = "<group>";
		};
		8E1AE5761AC69A6700104B76 /* make */ = {
			isa = PBXGroup;
			children = (
				8E1AE5771AC69A6700104B76 /* Makefile */,
			);
			path = make;
			sourceTree = "<group>";
		};
		8E1AE57B1AC69A6700104B76 /* msvc */ = {
			isa = PBXGroup;
			children = (
				8E1AE57C1AC69A6700104B76 /* gtest-md.sln */,
				8E1AE57D1AC69A6700104B76 /* gtest-md.vcproj */,
				8E1AE57E1AC69A6700104B76 /* gtest.sln */,
				8E1AE57F1AC69A6700104B76 /* gtest.vcproj */,
				8E1AE5801AC69A6700104B76 /* gtest_main-md.vcproj */,
				8E1AE5811AC69A6700104B76 /* gtest_main.vcproj */,
				8E1AE5821AC69A6700104B76 /* gtest_prod_test-md.vcproj */,
				8E1AE5831AC69A6700104B76 /* gtest_prod_test.vcproj */,
				8E1AE5841AC69A6700104B76 /* gtest_unittest-md.vcproj */,
				8E1AE5851AC69A6700104B76 /* gtest_unittest.vcproj */,
			);
			path = msvc;
			sourceTree = "<group>";
		};
		8E1AE5871AC69A6700104B76 /* samples */ = {
			isa = PBXGroup;
			children = (
				8E1AE5881AC69A6700104B76 /* .deps */,
				8E1AE5911AC69A6700104B76 /* .dirstamp */,
				8E1AE5921AC69A6700104B76 /* .libs */,
				8E1AE5981AC69A6700104B76 /* libsamples.la */,
				8E1AE5991AC69A6700104B76 /* prime_tables.h */,
				8E1AE59A1AC69A6700104B76 /* sample1.cc */,
				8E1AE59B1AC69A6700104B76 /* sample1.h */,
				8E1AE59C1AC69A6700104B76 /* sample1.lo */,
				8E1AE59D1AC69A6700104B76 /* sample1.o */,
				8E1AE59E1AC69A6700104B76 /* sample10_unittest.cc */,
				8E1AE59F1AC69A6700104B76 /* sample1_unittest.cc */,
				8E1AE5A01AC69A6700104B76 /* sample2.cc */,
				8E1AE5A11AC69A6700104B76 /* sample2.h */,
				8E1AE5A21AC69A6700104B76 /* sample2.lo */,
				8E1AE5A31AC69A6700104B76 /* sample2.o */,
				8E1AE5A41AC69A6700104B76 /* sample2_unittest.cc */,
				8E1AE5A51AC69A6700104B76 /* sample3-inl.h */,
				8E1AE5A61AC69A6700104B76 /* sample3_unittest.cc */,
				8E1AE5A71AC69A6700104B76 /* sample4.cc */,
				8E1AE5A81AC69A6700104B76 /* sample4.h */,
				8E1AE5A91AC69A6700104B76 /* sample4.lo */,
				8E1AE5AA1AC69A6700104B76 /* sample4.o */,
				8E1AE5AB1AC69A6700104B76 /* sample4_unittest.cc */,
				8E1AE5AC1AC69A6700104B76 /* sample5_unittest.cc */,
				8E1AE5AD1AC69A6700104B76 /* sample6_unittest.cc */,
				8E1AE5AE1AC69A6700104B76 /* sample7_unittest.cc */,
				8E1AE5AF1AC69A6700104B76 /* sample8_unittest.cc */,
				8E1AE5B01AC69A6700104B76 /* sample9_unittest.cc */,
			);
			path = samples;
			sourceTree = "<group>";
		};
		8E1AE5881AC69A6700104B76 /* .deps */ = {
			isa = PBXGroup;
			children = (
				8E1AE5891AC69A6700104B76 /* .dirstamp */,
				8E1AE58A1AC69A6700104B76 /* sample1.Plo */,
				8E1AE58B1AC69A6700104B76 /* sample10_unittest.Po */,
				8E1AE58C1AC69A6700104B76 /* sample1_unittest.Po */,
				8E1AE58D1AC69A6700104B76 /* sample2.Plo */,
				8E1AE58E1AC69A6700104B76 /* sample4.Plo */,
				8E1AE58F1AC69A6700104B76 /* test_fused_gtest_test-sample1.Po */,
				8E1AE5901AC69A6700104B76 /* test_fused_gtest_test-sample1_unittest.Po */,
			);
			path = .deps;
			sourceTree = "<group>";
		};
		8E1AE5921AC69A6700104B76 /* .libs */ = {
			isa = PBXGroup;
			children = (
				8E1AE5931AC69A6700104B76 /* libsamples.a */,
				8E1AE5941AC69A6700104B76 /* libsamples.la */,
				8E1AE5951AC69A6700104B76 /* sample1.o */,
				8E1AE5961AC69A6700104B76 /* sample2.o */,
				8E1AE5971AC69A6700104B76 /* sample4.o */,
			);
			path = .libs;
			sourceTree = "<group>";
		};
		8E1AE5B11AC69A6700104B76 /* scripts */ = {
			isa = PBXGroup;
			children = (
				8E1AE5B21AC69A6700104B76 /* fuse_gtest_files.py */,
				8E1AE5B31AC69A6700104B76 /* gen_gtest_pred_impl.py */,
				8E1AE5B41AC69A6700104B76 /* gtest-config */,
				8E1AE5B51AC69A6700104B76 /* gtest-config.in */,
				8E1AE5B61AC69A6700104B76 /* pump.py */,
				8E1AE5B71AC69A6700104B76 /* test */,
			);
			path = scripts;
			sourceTree = "<group>";
		};
		8E1AE5B71AC69A6700104B76 /* test */ = {
			isa = PBXGroup;
			children = (
				8E1AE5B81AC69A6700104B76 /* Makefile */,
			);
			path = test;
			sourceTree = "<group>";
		};
		8E1AE5B91AC69A6700104B76 /* src */ = {
			isa = PBXGroup;
			children = (
				8E1AE5BA1AC69A6700104B76 /* .deps */,
				8E1AE5BE1AC69A6700104B76 /* .dirstamp */,
				8E1AE5BF1AC69A6700104B76 /* .libs */,
				8E1AE5C21AC69A6700104B76 /* gtest-all.cc */,
				8E1AE5C31AC69A6700104B76 /* gtest-all.lo */,
				8E1AE5C41AC69A6700104B76 /* gtest-all.o */,
				8E1AE5C51AC69A6700104B76 /* gtest-death-test.cc */,
				8E1AE5C61AC69A6700104B76 /* gtest-filepath.cc */,
				8E1AE5C71AC69A6700104B76 /* gtest-internal-inl.h */,
				8E1AE5C81AC69A6700104B76 /* gtest-port.cc */,
				8E1AE5C91AC69A6700104B76 /* gtest-printers.cc */,
				8E1AE5CA1AC69A6700104B76 /* gtest-test-part.cc */,
				8E1AE5CB1AC69A6700104B76 /* gtest-typed-test.cc */,
				8E1AE5CC1AC69A6700104B76 /* gtest.cc */,
				8E1AE5CD1AC69A6700104B76 /* gtest_main.cc */,
				8E1AE5CE1AC69A6700104B76 /* gtest_main.lo */,
				8E1AE5CF1AC69A6700104B76 /* gtest_main.o */,
			);
			path = src;
			sourceTree = "<group>";
		};
		8E1AE5BA1AC69A6700104B76 /* .deps */ = {
			isa = PBXGroup;
			children = (
				8E1AE5BB1AC69A6700104B76 /* .dirstamp */,
				8E1AE5BC1AC69A6700104B76 /* gtest-all.Plo */,
				8E1AE5BD1AC69A6700104B76 /* gtest_main.Plo */,
			);
			path = .deps;
			sourceTree = "<group>";
		};
		8E1AE5BF1AC69A6700104B76 /* .libs */ = {
			isa = PBXGroup;
			children = (
				8E1AE5C01AC69A6700104B76 /* gtest-all.o */,
				8E1AE5C11AC69A6700104B76 /* gtest_main.o */,
			);
			path = .libs;
			sourceTree = "<group>";
		};
		8E1AE5D01AC69A6700104B76 /* test */ = {
			isa = PBXGroup;
			children = (
				8E1AE5D11AC69A6700104B76 /* .deps */,
				8E1AE5D31AC69A6700104B76 /* gtest-death-test_ex_test.cc */,
				8E1AE5D41AC69A6700104B76 /* gtest-death-test_test.cc */,
				8E1AE5D51AC69A6700104B76 /* gtest-filepath_test.cc */,
				8E1AE5D61AC69A6700104B76 /* gtest-linked_ptr_test.cc */,
				8E1AE5D71AC69A6700104B76 /* gtest-listener_test.cc */,
				8E1AE5D81AC69A6700104B76 /* gtest-message_test.cc */,
				8E1AE5D91AC69A6700104B76 /* gtest-options_test.cc */,
				8E1AE5DA1AC69A6700104B76 /* gtest-param-test2_test.cc */,
				8E1AE5DB1AC69A6700104B76 /* gtest-param-test_test.cc */,
				8E1AE5DC1AC69A6700104B76 /* gtest-param-test_test.h */,
				8E1AE5DD1AC69A6700104B76 /* gtest-port_test.cc */,
				8E1AE5DE1AC69A6700104B76 /* gtest-printers_test.cc */,
				8E1AE5DF1AC69A6700104B76 /* gtest-test-part_test.cc */,
				8E1AE5E01AC69A6700104B76 /* gtest-tuple_test.cc */,
				8E1AE5E11AC69A6700104B76 /* gtest-typed-test2_test.cc */,
				8E1AE5E21AC69A6700104B76 /* gtest-typed-test_test.cc */,
				8E1AE5E31AC69A6700104B76 /* gtest-typed-test_test.h */,
				8E1AE5E41AC69A6700104B76 /* gtest-unittest-api_test.cc */,
				8E1AE5E51AC69A6700104B76 /* gtest_all_test.cc */,
				8E1AE5E61AC69A6700104B76 /* gtest_break_on_failure_unittest.py */,
				8E1AE5E71AC69A6700104B76 /* gtest_break_on_failure_unittest_.cc */,
				8E1AE5E81AC69A6700104B76 /* gtest_catch_exceptions_test.py */,
				8E1AE5E91AC69A6700104B76 /* gtest_catch_exceptions_test_.cc */,
				8E1AE5EA1AC69A6700104B76 /* gtest_color_test.py */,
				8E1AE5EB1AC69A6700104B76 /* gtest_color_test_.cc */,
				8E1AE5EC1AC69A6700104B76 /* gtest_env_var_test.py */,
				8E1AE5ED1AC69A6700104B76 /* gtest_env_var_test_.cc */,
				8E1AE5EE1AC69A6700104B76 /* gtest_environment_test.cc */,
				8E1AE5EF1AC69A6700104B76 /* gtest_filter_unittest.py */,
				8E1AE5F01AC69A6700104B76 /* gtest_filter_unittest_.cc */,
				8E1AE5F11AC69A6700104B76 /* gtest_help_test.py */,
				8E1AE5F21AC69A6700104B76 /* gtest_help_test_.cc */,
				8E1AE5F31AC69A6700104B76 /* gtest_list_tests_unittest.py */,
				8E1AE5F41AC69A6700104B76 /* gtest_list_tests_unittest_.cc */,
				8E1AE5F51AC69A6700104B76 /* gtest_main_unittest.cc */,
				8E1AE5F61AC69A6700104B76 /* gtest_no_test_unittest.cc */,
				8E1AE5F71AC69A6700104B76 /* gtest_output_test.py */,
				8E1AE5F81AC69A6700104B76 /* gtest_output_test_.cc */,
				8E1AE5F91AC69A6700104B76 /* gtest_output_test_golden_lin.txt */,
				8E1AE5FA1AC69A6700104B76 /* gtest_pred_impl_unittest.cc */,
				8E1AE5FB1AC69A6700104B76 /* gtest_premature_exit_test.cc */,
				8E1AE5FC1AC69A6700104B76 /* gtest_prod_test.cc */,
				8E1AE5FD1AC69A6700104B76 /* gtest_repeat_test.cc */,
				8E1AE5FE1AC69A6700104B76 /* gtest_shuffle_test.py */,
				8E1AE5FF1AC69A6700104B76 /* gtest_shuffle_test_.cc */,
				8E1AE6001AC69A6700104B76 /* gtest_sole_header_test.cc */,
				8E1AE6011AC69A6700104B76 /* gtest_stress_test.cc */,
				8E1AE6021AC69A6700104B76 /* gtest_test_utils.py */,
				8E1AE6031AC69A6700104B76 /* gtest_throw_on_failure_ex_test.cc */,
				8E1AE6041AC69A6700104B76 /* gtest_throw_on_failure_test.py */,
				8E1AE6051AC69A6700104B76 /* gtest_throw_on_failure_test_.cc */,
				8E1AE6061AC69A6700104B76 /* gtest_uninitialized_test.py */,
				8E1AE6071AC69A6700104B76 /* gtest_uninitialized_test_.cc */,
				8E1AE6081AC69A6700104B76 /* gtest_unittest.cc */,
				8E1AE6091AC69A6700104B76 /* gtest_xml_outfile1_test_.cc */,
				8E1AE60A1AC69A6700104B76 /* gtest_xml_outfile2_test_.cc */,
				8E1AE60B1AC69A6700104B76 /* gtest_xml_outfiles_test.py */,
				8E1AE60C1AC69A6700104B76 /* gtest_xml_output_unittest.py */,
				8E1AE60D1AC69A6700104B76 /* gtest_xml_output_unittest_.cc */,
				8E1AE60E1AC69A6700104B76 /* gtest_xml_test_utils.py */,
				8E1AE60F1AC69A6700104B76 /* production.cc */,
				8E1AE6101AC69A6700104B76 /* production.h */,
			);
			path = test;
			sourceTree = "<group>";
		};
		8E1AE5D11AC69A6700104B76 /* .deps */ = {
			isa = PBXGroup;
			children = (
				8E1AE5D21AC69A6700104B76 /* gtest_all_test.Po */,
			);
			path = .deps;
			sourceTree = "<group>";
		};
		8E1AE6111AC69A6700104B76 /* xcode */ = {
			isa = PBXGroup;
			children = (
				8E1AE6121AC69A6700104B76 /* Config */,
				8E1AE6191AC69A6700104B76 /* gtest.xcodeproj */,
				8E1AE61C1AC69A6700104B76 /* Resources */,
				8E1AE61E1AC69A6700104B76 /* Samples */,
				8E1AE6281AC69A6700104B76 /* Scripts */,
			);
			path = xcode;
			sourceTree = "<group>";
		};
		8E1AE6121AC69A6700104B76 /* Config */ = {
			isa = PBXGroup;
			children = (
				8E1AE6131AC69A6700104B76 /* DebugProject.xcconfig */,
				8E1AE6141AC69A6700104B76 /* FrameworkTarget.xcconfig */,
				8E1AE6151AC69A6700104B76 /* General.xcconfig */,
				8E1AE6161AC69A6700104B76 /* ReleaseProject.xcconfig */,
				8E1AE6171AC69A6700104B76 /* StaticLibraryTarget.xcconfig */,
				8E1AE6181AC69A6700104B76 /* TestTarget.xcconfig */,
			);
			path = Config;
			sourceTree = "<group>";
		};
		8E1AE61A1AC69A6700104B76 /* Products */ = {
			isa = PBXGroup;
			children = (
				8E1AE6351AC69A6700104B76 /* gtest.framework */,
				8E1AE6371AC69A6700104B76 /* libgtest.a */,
				8E1AE6391AC69A6700104B76 /* libgtest_main.a */,
				8E1AE63B1AC69A6700104B76 /* gtest_unittest-framework */,
				8E1AE63D1AC69A6700104B76 /* gtest_unittest */,
				8E1AE63F1AC69A6700104B76 /* sample1_unittest-framework */,
				8E1AE6411AC69A6700104B76 /* sample1_unittest-static */,
			);
			name = Products;
			sourceTree = "<group>";
		};
		8E1AE61C1AC69A6700104B76 /* Resources */ = {
			isa = PBXGroup;
			children = (
				8E1AE61D1AC69A6700104B76 /* Info.plist */,
			);
			path = Resources;
			sourceTree = "<group>";
		};
		8E1AE61E1AC69A6700104B76 /* Samples */ = {
			isa = PBXGroup;
			children = (
				8E1AE61F1AC69A6700104B76 /* FrameworkSample */,
			);
			path = Samples;
			sourceTree = "<group>";
		};
		8E1AE61F1AC69A6700104B76 /* FrameworkSample */ = {
			isa = PBXGroup;
			children = (
				8E1AE6201AC69A6700104B76 /* Info.plist */,
				8E1AE6211AC69A6700104B76 /* runtests.sh */,
				8E1AE6221AC69A6700104B76 /* widget.cc */,
				8E1AE6231AC69A6700104B76 /* widget.h */,
				8E1AE6241AC69A6700104B76 /* widget_test.cc */,
				8E1AE6251AC69A6700104B76 /* WidgetFramework.xcodeproj */,
			);
			path = FrameworkSample;
			sourceTree = "<group>";
		};
		8E1AE6261AC69A6700104B76 /* Products */ = {
			isa = PBXGroup;
			children = (
				8E1AE6491AC69A6700104B76 /* Widget.framework */,
				8E1AE64B1AC69A6700104B76 /* WidgetFrameworkTest */,
			);
			name = Products;
			sourceTree = "<group>";
		};
		8E1AE6281AC69A6700104B76 /* Scripts */ = {
			isa = PBXGroup;
			children = (
				8E1AE6291AC69A6700104B76 /* runtests.sh */,
				8E1AE62A1AC69A6700104B76 /* versiongenerate.py */,
			);
			path = Scripts;
			sourceTree = "<group>";
		};
/* End PBXGroup section */

/* Begin PBXLegacyTarget section */
		8E1AE4EB1AC69A3E00104B76 /* Slim */ = {
			isa = PBXLegacyTarget;
			buildArgumentsString = "$(ACTION)";
			buildConfigurationList = 8E1AE4EE1AC69A3E00104B76 /* Build configuration list for PBXLegacyTarget "Slim" */;
			buildPhases = (
			);
			buildToolPath = /usr/bin/make;
			dependencies = (
			);
			name = Slim;
			passBuildSettingsInEnvironment = 1;
			productName = Slim;
		};
/* End PBXLegacyTarget section */

/* Begin PBXProject section */
		8E1AE4E71AC69A3D00104B76 /* Project object */ = {
			isa = PBXProject;
			attributes = {
				LastUpgradeCheck = 0620;
				ORGANIZATIONNAME = "Tingan Ho";
				TargetAttributes = {
					8E1AE4EB1AC69A3E00104B76 = {
						CreatedOnToolsVersion = 6.2;
					};
				};
			};
			buildConfigurationList = 8E1AE4EA1AC69A3D00104B76 /* Build configuration list for PBXProject "Slim" */;
			compatibilityVersion = "Xcode 3.2";
			developmentRegion = English;
			hasScannedForEncodings = 0;
			knownRegions = (
				en,
			);
			mainGroup = 8E1AE4E61AC69A3D00104B76;
			projectDirPath = "";
			projectReferences = (
				{
					ProductGroup = 8E1AE61A1AC69A6700104B76 /* Products */;
					ProjectRef = 8E1AE6191AC69A6700104B76 /* gtest.xcodeproj */;
				},
				{
					ProductGroup = 8E1AE50A1AC69A6700104B76 /* Products */;
					ProjectRef = 8E1AE5091AC69A6700104B76 /* Slim.xcodeproj */;
				},
				{
					ProductGroup = 8E1AE5031AC69A6700104B76 /* Products */;
					ProjectRef = 8E1AE5021AC69A6700104B76 /* Slim.xcodeproj */;
				},
				{
					ProductGroup = 8E1AE6261AC69A6700104B76 /* Products */;
					ProjectRef = 8E1AE6251AC69A6700104B76 /* WidgetFramework.xcodeproj */;
				},
			);
			projectRoot = "";
			targets = (
				8E1AE4EB1AC69A3E00104B76 /* Slim */,
			);
		};
/* End PBXProject section */

/* Begin PBXReferenceProxy section */
		8E1AE6351AC69A6700104B76 /* gtest.framework */ = {
			isa = PBXReferenceProxy;
			fileType = wrapper.framework;
			path = gtest.framework;
			remoteRef = 8E1AE6341AC69A6700104B76 /* PBXContainerItemProxy */;
			sourceTree = BUILT_PRODUCTS_DIR;
		};
		8E1AE6371AC69A6700104B76 /* libgtest.a */ = {
			isa = PBXReferenceProxy;
			fileType = archive.ar;
			path = libgtest.a;
			remoteRef = 8E1AE6361AC69A6700104B76 /* PBXContainerItemProxy */;
			sourceTree = BUILT_PRODUCTS_DIR;
		};
		8E1AE6391AC69A6700104B76 /* libgtest_main.a */ = {
			isa = PBXReferenceProxy;
			fileType = archive.ar;
			path = libgtest_main.a;
			remoteRef = 8E1AE6381AC69A6700104B76 /* PBXContainerItemProxy */;
			sourceTree = BUILT_PRODUCTS_DIR;
		};
		8E1AE63B1AC69A6700104B76 /* gtest_unittest-framework */ = {
			isa = PBXReferenceProxy;
			fileType = "compiled.mach-o.executable";
			path = "gtest_unittest-framework";
			remoteRef = 8E1AE63A1AC69A6700104B76 /* PBXContainerItemProxy */;
			sourceTree = BUILT_PRODUCTS_DIR;
		};
		8E1AE63D1AC69A6700104B76 /* gtest_unittest */ = {
			isa = PBXReferenceProxy;
			fileType = "compiled.mach-o.executable";
			path = gtest_unittest;
			remoteRef = 8E1AE63C1AC69A6700104B76 /* PBXContainerItemProxy */;
			sourceTree = BUILT_PRODUCTS_DIR;
		};
		8E1AE63F1AC69A6700104B76 /* sample1_unittest-framework */ = {
			isa = PBXReferenceProxy;
			fileType = "compiled.mach-o.executable";
			path = "sample1_unittest-framework";
			remoteRef = 8E1AE63E1AC69A6700104B76 /* PBXContainerItemProxy */;
			sourceTree = BUILT_PRODUCTS_DIR;
		};
		8E1AE6411AC69A6700104B76 /* sample1_unittest-static */ = {
			isa = PBXReferenceProxy;
			fileType = "compiled.mach-o.executable";
			path = "sample1_unittest-static";
			remoteRef = 8E1AE6401AC69A6700104B76 /* PBXContainerItemProxy */;
			sourceTree = BUILT_PRODUCTS_DIR;
		};
		8E1AE6491AC69A6700104B76 /* Widget.framework */ = {
			isa = PBXReferenceProxy;
			fileType = wrapper.framework;
			path = Widget.framework;
			remoteRef = 8E1AE6481AC69A6700104B76 /* PBXContainerItemProxy */;
			sourceTree = BUILT_PRODUCTS_DIR;
		};
		8E1AE64B1AC69A6700104B76 /* WidgetFrameworkTest */ = {
			isa = PBXReferenceProxy;
			fileType = "compiled.mach-o.executable";
			path = WidgetFrameworkTest;
			remoteRef = 8E1AE64A1AC69A6700104B76 /* PBXContainerItemProxy */;
			sourceTree = BUILT_PRODUCTS_DIR;
		};
/* End PBXReferenceProxy section */

/* Begin XCBuildConfiguration section */
		8E1AE4EC1AC69A3E00104B76 /* Debug */ = {
			isa = XCBuildConfiguration;
			buildSettings = {
				ALWAYS_SEARCH_USER_PATHS = NO;
				CLANG_CXX_LANGUAGE_STANDARD = "gnu++0x";
				CLANG_CXX_LIBRARY = "libc++";
				CLANG_ENABLE_MODULES = YES;
				CLANG_ENABLE_OBJC_ARC = YES;
				CLANG_WARN_BOOL_CONVERSION = YES;
				CLANG_WARN_CONSTANT_CONVERSION = YES;
				CLANG_WARN_DIRECT_OBJC_ISA_USAGE = YES_ERROR;
				CLANG_WARN_EMPTY_BODY = YES;
				CLANG_WARN_ENUM_CONVERSION = YES;
				CLANG_WARN_INT_CONVERSION = YES;
				CLANG_WARN_OBJC_ROOT_CLASS = YES_ERROR;
				CLANG_WARN_UNREACHABLE_CODE = YES;
				CLANG_WARN__DUPLICATE_METHOD_MATCH = YES;
				COPY_PHASE_STRIP = NO;
				ENABLE_STRICT_OBJC_MSGSEND = YES;
				GCC_C_LANGUAGE_STANDARD = gnu99;
				GCC_DYNAMIC_NO_PIC = NO;
				GCC_OPTIMIZATION_LEVEL = 0;
				GCC_PREPROCESSOR_DEFINITIONS = (
					"DEBUG=1",
					"$(inherited)",
				);
				GCC_SYMBOLS_PRIVATE_EXTERN = NO;
				GCC_WARN_64_TO_32_BIT_CONVERSION = YES;
				GCC_WARN_ABOUT_RETURN_TYPE = YES_ERROR;
				GCC_WARN_UNDECLARED_SELECTOR = YES;
				GCC_WARN_UNINITIALIZED_AUTOS = YES_AGGRESSIVE;
				GCC_WARN_UNUSED_FUNCTION = YES;
				GCC_WARN_UNUSED_VARIABLE = YES;
				MACOSX_DEPLOYMENT_TARGET = 10.10;
				MTL_ENABLE_DEBUG_INFO = YES;
				ONLY_ACTIVE_ARCH = YES;
				SDKROOT = macosx;
			};
			name = Debug;
		};
		8E1AE4ED1AC69A3E00104B76 /* Release */ = {
			isa = XCBuildConfiguration;
			buildSettings = {
				ALWAYS_SEARCH_USER_PATHS = NO;
				CLANG_CXX_LANGUAGE_STANDARD = "gnu++0x";
				CLANG_CXX_LIBRARY = "libc++";
				CLANG_ENABLE_MODULES = YES;
				CLANG_ENABLE_OBJC_ARC = YES;
				CLANG_WARN_BOOL_CONVERSION = YES;
				CLANG_WARN_CONSTANT_CONVERSION = YES;
				CLANG_WARN_DIRECT_OBJC_ISA_USAGE = YES_ERROR;
				CLANG_WARN_EMPTY_BODY = YES;
				CLANG_WARN_ENUM_CONVERSION = YES;
				CLANG_WARN_INT_CONVERSION = YES;
				CLANG_WARN_OBJC_ROOT_CLASS = YES_ERROR;
				CLANG_WARN_UNREACHABLE_CODE = YES;
				CLANG_WARN__DUPLICATE_METHOD_MATCH = YES;
				COPY_PHASE_STRIP = NO;
				DEBUG_INFORMATION_FORMAT = "dwarf-with-dsym";
				ENABLE_NS_ASSERTIONS = NO;
				ENABLE_STRICT_OBJC_MSGSEND = YES;
				GCC_C_LANGUAGE_STANDARD = gnu99;
				GCC_WARN_64_TO_32_BIT_CONVERSION = YES;
				GCC_WARN_ABOUT_RETURN_TYPE = YES_ERROR;
				GCC_WARN_UNDECLARED_SELECTOR = YES;
				GCC_WARN_UNINITIALIZED_AUTOS = YES_AGGRESSIVE;
				GCC_WARN_UNUSED_FUNCTION = YES;
				GCC_WARN_UNUSED_VARIABLE = YES;
				MACOSX_DEPLOYMENT_TARGET = 10.10;
				MTL_ENABLE_DEBUG_INFO = NO;
				SDKROOT = macosx;
			};
			name = Release;
		};
		8E1AE4EF1AC69A3E00104B76 /* Debug */ = {
			isa = XCBuildConfiguration;
			buildSettings = {
				DEBUGGING_SYMBOLS = YES;
				GCC_GENERATE_DEBUGGING_SYMBOLS = YES;
				GCC_OPTIMIZATION_LEVEL = 0;
				OTHER_CFLAGS = "";
				OTHER_LDFLAGS = "";
				PRODUCT_NAME = "$(TARGET_NAME)";
			};
			name = Debug;
		};
		8E1AE4F01AC69A3E00104B76 /* Release */ = {
			isa = XCBuildConfiguration;
			buildSettings = {
				OTHER_CFLAGS = "";
				OTHER_LDFLAGS = "";
				PRODUCT_NAME = "$(TARGET_NAME)";
			};
			name = Release;
		};
/* End XCBuildConfiguration section */

/* Begin XCConfigurationList section */
		8E1AE4EA1AC69A3D00104B76 /* Build configuration list for PBXProject "Slim" */ = {
			isa = XCConfigurationList;
			buildConfigurations = (
				8E1AE4EC1AC69A3E00104B76 /* Debug */,
				8E1AE4ED1AC69A3E00104B76 /* Release */,
			);
			defaultConfigurationIsVisible = 0;
			defaultConfigurationName = Release;
		};
		8E1AE4EE1AC69A3E00104B76 /* Build configuration list for PBXLegacyTarget "Slim" */ = {
			isa = XCConfigurationList;
			buildConfigurations = (
				8E1AE4EF1AC69A3E00104B76 /* Debug */,
				8E1AE4F01AC69A3E00104B76 /* Release */,
			);
			defaultConfigurationIsVisible = 0;
		};
/* End XCConfigurationList section */
	};
	rootObject = 8E1AE4E71AC69A3D00104B76 /* Project object */;
}
